// !$*UTF8*$!
{
	archiveVersion = 1;
	classes = {
	};
	objectVersion = 52;
	objects = {

/* Begin PBXBuildFile section */
		A10B45F3258AC66700DE78BE /* AppDelegate.swift in Sources */ = {isa = PBXBuildFile; fileRef = A10B45F2258AC66700DE78BE /* AppDelegate.swift */; };
		A10B45F5258AC66700DE78BE /* SceneDelegate.swift in Sources */ = {isa = PBXBuildFile; fileRef = A10B45F4258AC66700DE78BE /* SceneDelegate.swift */; };
		A10B45F7258AC66700DE78BE /* ContentView.swift in Sources */ = {isa = PBXBuildFile; fileRef = A10B45F6258AC66700DE78BE /* ContentView.swift */; };
		A10B45F9258AC66A00DE78BE /* Assets.xcassets in Resources */ = {isa = PBXBuildFile; fileRef = A10B45F8258AC66A00DE78BE /* Assets.xcassets */; };
		A10B45FC258AC66A00DE78BE /* Preview Assets.xcassets in Resources */ = {isa = PBXBuildFile; fileRef = A10B45FB258AC66A00DE78BE /* Preview Assets.xcassets */; };
		A10B45FF258AC66A00DE78BE /* LaunchScreen.storyboard in Resources */ = {isa = PBXBuildFile; fileRef = A10B45FD258AC66A00DE78BE /* LaunchScreen.storyboard */; };
		A10B460C258C0C7400DE78BE /* ManualPublishing.swift in Sources */ = {isa = PBXBuildFile; fileRef = A10B4608258C0C7400DE78BE /* ManualPublishing.swift */; };
		A10B460D258C0C7400DE78BE /* ResultType.swift in Sources */ = {isa = PBXBuildFile; fileRef = A10B4609258C0C7400DE78BE /* ResultType.swift */; };
		A10B460E258C0C7400DE78BE /* Tabs.swift in Sources */ = {isa = PBXBuildFile; fileRef = A10B460A258C0C7400DE78BE /* Tabs.swift */; };
		A10B460F258C0C7400DE78BE /* CustomEnvionment.swift in Sources */ = {isa = PBXBuildFile; fileRef = A10B460B258C0C7400DE78BE /* CustomEnvionment.swift */; };
		A10B4612258C0D1A00DE78BE /* DelayedUpdater.swift in Sources */ = {isa = PBXBuildFile; fileRef = A10B4611258C0D1A00DE78BE /* DelayedUpdater.swift */; };
		A10B4615258C0D5400DE78BE /* ImageInterpolation.swift in Sources */ = {isa = PBXBuildFile; fileRef = A10B4614258C0D5400DE78BE /* ImageInterpolation.swift */; };
		A10B461F258D53BA00DE78BE /* ContextMenu.swift in Sources */ = {isa = PBXBuildFile; fileRef = A10B461E258D53BA00DE78BE /* ContextMenu.swift */; };
		A10B4622258D549800DE78BE /* LocalNotifications.swift in Sources */ = {isa = PBXBuildFile; fileRef = A10B4621258D549800DE78BE /* LocalNotifications.swift */; };
		A10B4629258EAE5800DE78BE /* SamplePackage in Frameworks */ = {isa = PBXBuildFile; productRef = A10B4628258EAE5800DE78BE /* SamplePackage */; };
		A10B4634258EB0CE00DE78BE /* ProspectsView.swift in Sources */ = {isa = PBXBuildFile; fileRef = A10B4633258EB0CE00DE78BE /* ProspectsView.swift */; };
		A10B4637258EB13100DE78BE /* Prospect.swift in Sources */ = {isa = PBXBuildFile; fileRef = A10B4636258EB13100DE78BE /* Prospect.swift */; };
		A10B463C259001A300DE78BE /* CodeScanner in Frameworks */ = {isa = PBXBuildFile; productRef = A10B463B259001A300DE78BE /* CodeScanner */; };
		A117692B259153DB009DBA6B /* MeView.swift in Sources */ = {isa = PBXBuildFile; fileRef = A117692A259153DB009DBA6B /* MeView.swift */; };
/* End PBXBuildFile section */

/* Begin PBXFileReference section */
		A10B45EF258AC66700DE78BE /* HotProspects.app */ = {isa = PBXFileReference; explicitFileType = wrapper.application; includeInIndex = 0; path = HotProspects.app; sourceTree = BUILT_PRODUCTS_DIR; };
		A10B45F2258AC66700DE78BE /* AppDelegate.swift */ = {isa = PBXFileReference; lastKnownFileType = sourcecode.swift; path = AppDelegate.swift; sourceTree = "<group>"; };
		A10B45F4258AC66700DE78BE /* SceneDelegate.swift */ = {isa = PBXFileReference; lastKnownFileType = sourcecode.swift; path = SceneDelegate.swift; sourceTree = "<group>"; };
		A10B45F6258AC66700DE78BE /* ContentView.swift */ = {isa = PBXFileReference; lastKnownFileType = sourcecode.swift; path = ContentView.swift; sourceTree = "<group>"; };
		A10B45F8258AC66A00DE78BE /* Assets.xcassets */ = {isa = PBXFileReference; lastKnownFileType = folder.assetcatalog; path = Assets.xcassets; sourceTree = "<group>"; };
		A10B45FB258AC66A00DE78BE /* Preview Assets.xcassets */ = {isa = PBXFileReference; lastKnownFileType = folder.assetcatalog; path = "Preview Assets.xcassets"; sourceTree = "<group>"; };
		A10B45FE258AC66A00DE78BE /* Base */ = {isa = PBXFileReference; lastKnownFileType = file.storyboard; name = Base; path = Base.lproj/LaunchScreen.storyboard; sourceTree = "<group>"; };
		A10B4600258AC66A00DE78BE /* Info.plist */ = {isa = PBXFileReference; lastKnownFileType = text.plist.xml; path = Info.plist; sourceTree = "<group>"; };
		A10B4608258C0C7400DE78BE /* ManualPublishing.swift */ = {isa = PBXFileReference; fileEncoding = 4; lastKnownFileType = sourcecode.swift; path = ManualPublishing.swift; sourceTree = "<group>"; };
		A10B4609258C0C7400DE78BE /* ResultType.swift */ = {isa = PBXFileReference; fileEncoding = 4; lastKnownFileType = sourcecode.swift; path = ResultType.swift; sourceTree = "<group>"; };
		A10B460A258C0C7400DE78BE /* Tabs.swift */ = {isa = PBXFileReference; fileEncoding = 4; lastKnownFileType = sourcecode.swift; path = Tabs.swift; sourceTree = "<group>"; };
		A10B460B258C0C7400DE78BE /* CustomEnvionment.swift */ = {isa = PBXFileReference; fileEncoding = 4; lastKnownFileType = sourcecode.swift; path = CustomEnvionment.swift; sourceTree = "<group>"; };
		A10B4611258C0D1A00DE78BE /* DelayedUpdater.swift */ = {isa = PBXFileReference; lastKnownFileType = sourcecode.swift; path = DelayedUpdater.swift; sourceTree = "<group>"; };
		A10B4614258C0D5400DE78BE /* ImageInterpolation.swift */ = {isa = PBXFileReference; lastKnownFileType = sourcecode.swift; path = ImageInterpolation.swift; sourceTree = "<group>"; };
		A10B461E258D53BA00DE78BE /* ContextMenu.swift */ = {isa = PBXFileReference; lastKnownFileType = sourcecode.swift; path = ContextMenu.swift; sourceTree = "<group>"; };
		A10B4621258D549800DE78BE /* LocalNotifications.swift */ = {isa = PBXFileReference; lastKnownFileType = sourcecode.swift; path = LocalNotifications.swift; sourceTree = "<group>"; };
		A10B4633258EB0CE00DE78BE /* ProspectsView.swift */ = {isa = PBXFileReference; lastKnownFileType = sourcecode.swift; path = ProspectsView.swift; sourceTree = "<group>"; };
		A10B4636258EB13100DE78BE /* Prospect.swift */ = {isa = PBXFileReference; lastKnownFileType = sourcecode.swift; path = Prospect.swift; sourceTree = "<group>"; };
		A117692A259153DB009DBA6B /* MeView.swift */ = {isa = PBXFileReference; lastKnownFileType = sourcecode.swift; path = MeView.swift; sourceTree = "<group>"; };
/* End PBXFileReference section */

/* Begin PBXFrameworksBuildPhase section */
		A10B45EC258AC66700DE78BE /* Frameworks */ = {
			isa = PBXFrameworksBuildPhase;
			buildActionMask = 2147483647;
			files = (
				A10B463C259001A300DE78BE /* CodeScanner in Frameworks */,
				A10B4629258EAE5800DE78BE /* SamplePackage in Frameworks */,
			);
			runOnlyForDeploymentPostprocessing = 0;
		};
/* End PBXFrameworksBuildPhase section */

/* Begin PBXGroup section */
		A10B45E6258AC66700DE78BE = {
			isa = PBXGroup;
			children = (
				A10B45F1258AC66700DE78BE /* HotProspects */,
				A10B45F0258AC66700DE78BE /* Products */,
			);
			sourceTree = "<group>";
		};
		A10B45F0258AC66700DE78BE /* Products */ = {
			isa = PBXGroup;
			children = (
				A10B45EF258AC66700DE78BE /* HotProspects.app */,
			);
			name = Products;
			sourceTree = "<group>";
		};
		A10B45F1258AC66700DE78BE /* HotProspects */ = {
			isa = PBXGroup;
			children = (
				A10B4636258EB13100DE78BE /* Prospect.swift */,
				A10B4611258C0D1A00DE78BE /* DelayedUpdater.swift */,
				A10B4625258D54C700DE78BE /* View */,
				A10B461A258D526500DE78BE /* Environment */,
				A10B461C258D527800DE78BE /* Scene */,
				A10B45F8258AC66A00DE78BE /* Assets.xcassets */,
				A10B45FD258AC66A00DE78BE /* LaunchScreen.storyboard */,
				A10B4600258AC66A00DE78BE /* Info.plist */,
				A10B45FA258AC66A00DE78BE /* Preview Content */,
			);
			path = HotProspects;
			sourceTree = "<group>";
		};
		A10B45FA258AC66A00DE78BE /* Preview Content */ = {
			isa = PBXGroup;
			children = (
				A10B45FB258AC66A00DE78BE /* Preview Assets.xcassets */,
			);
			path = "Preview Content";
			sourceTree = "<group>";
		};
		A10B461A258D526500DE78BE /* Environment */ = {
			isa = PBXGroup;
			children = (
				A10B460B258C0C7400DE78BE /* CustomEnvionment.swift */,
			);
			path = Environment;
			sourceTree = "<group>";
		};
		A10B461C258D527800DE78BE /* Scene */ = {
			isa = PBXGroup;
			children = (
				A10B45F2258AC66700DE78BE /* AppDelegate.swift */,
				A10B45F4258AC66700DE78BE /* SceneDelegate.swift */,
			);
			path = Scene;
			sourceTree = "<group>";
		};
		A10B4625258D54C700DE78BE /* View */ = {
			isa = PBXGroup;
			children = (
				A10B4608258C0C7400DE78BE /* ManualPublishing.swift */,
				A10B4609258C0C7400DE78BE /* ResultType.swift */,
				A10B460A258C0C7400DE78BE /* Tabs.swift */,
				A10B461E258D53BA00DE78BE /* ContextMenu.swift */,
				A10B45F6258AC66700DE78BE /* ContentView.swift */,
				A10B4633258EB0CE00DE78BE /* ProspectsView.swift */,
				A10B4621258D549800DE78BE /* LocalNotifications.swift */,
				A10B4614258C0D5400DE78BE /* ImageInterpolation.swift */,
				A117692A259153DB009DBA6B /* MeView.swift */,
			);
			path = View;
			sourceTree = "<group>";
		};
/* End PBXGroup section */

/* Begin PBXNativeTarget section */
		A10B45EE258AC66700DE78BE /* HotProspects */ = {
			isa = PBXNativeTarget;
			buildConfigurationList = A10B4603258AC66A00DE78BE /* Build configuration list for PBXNativeTarget "HotProspects" */;
			buildPhases = (
				A10B45EB258AC66700DE78BE /* Sources */,
				A10B45EC258AC66700DE78BE /* Frameworks */,
				A10B45ED258AC66700DE78BE /* Resources */,
			);
			buildRules = (
			);
			dependencies = (
			);
			name = HotProspects;
			packageProductDependencies = (
				A10B4628258EAE5800DE78BE /* SamplePackage */,
				A10B463B259001A300DE78BE /* CodeScanner */,
			);
			productName = HotProspects;
			productReference = A10B45EF258AC66700DE78BE /* HotProspects.app */;
			productType = "com.apple.product-type.application";
		};
/* End PBXNativeTarget section */

/* Begin PBXProject section */
		A10B45E7258AC66700DE78BE /* Project object */ = {
			isa = PBXProject;
			attributes = {
				LastSwiftUpdateCheck = 1220;
				LastUpgradeCheck = 1220;
				TargetAttributes = {
					A10B45EE258AC66700DE78BE = {
						CreatedOnToolsVersion = 12.2;
					};
				};
			};
			buildConfigurationList = A10B45EA258AC66700DE78BE /* Build configuration list for PBXProject "HotProspects" */;
			compatibilityVersion = "Xcode 9.3";
			developmentRegion = en;
			hasScannedForEncodings = 0;
			knownRegions = (
				en,
				Base,
			);
			mainGroup = A10B45E6258AC66700DE78BE;
			packageReferences = (
				A10B4627258EAE5800DE78BE /* XCRemoteSwiftPackageReference "SamplePackage" */,
				A10B463A259001A300DE78BE /* XCRemoteSwiftPackageReference "CodeScanner" */,
			);
			productRefGroup = A10B45F0258AC66700DE78BE /* Products */;
			projectDirPath = "";
			projectRoot = "";
			targets = (
				A10B45EE258AC66700DE78BE /* HotProspects */,
			);
		};
/* End PBXProject section */

/* Begin PBXResourcesBuildPhase section */
		A10B45ED258AC66700DE78BE /* Resources */ = {
			isa = PBXResourcesBuildPhase;
			buildActionMask = 2147483647;
			files = (
				A10B45FF258AC66A00DE78BE /* LaunchScreen.storyboard in Resources */,
				A10B45FC258AC66A00DE78BE /* Preview Assets.xcassets in Resources */,
				A10B45F9258AC66A00DE78BE /* Assets.xcassets in Resources */,
			);
			runOnlyForDeploymentPostprocessing = 0;
		};
/* End PBXResourcesBuildPhase section */

/* Begin PBXSourcesBuildPhase section */
		A10B45EB258AC66700DE78BE /* Sources */ = {
			isa = PBXSourcesBuildPhase;
			buildActionMask = 2147483647;
			files = (
				A117692B259153DB009DBA6B /* MeView.swift in Sources */,
				A10B4634258EB0CE00DE78BE /* ProspectsView.swift in Sources */,
				A10B4622258D549800DE78BE /* LocalNotifications.swift in Sources */,
				A10B461F258D53BA00DE78BE /* ContextMenu.swift in Sources */,
				A10B4637258EB13100DE78BE /* Prospect.swift in Sources */,
				A10B460D258C0C7400DE78BE /* ResultType.swift in Sources */,
				A10B4615258C0D5400DE78BE /* ImageInterpolation.swift in Sources */,
				A10B460C258C0C7400DE78BE /* ManualPublishing.swift in Sources */,
				A10B45F3258AC66700DE78BE /* AppDelegate.swift in Sources */,
				A10B45F5258AC66700DE78BE /* SceneDelegate.swift in Sources */,
				A10B4612258C0D1A00DE78BE /* DelayedUpdater.swift in Sources */,
				A10B45F7258AC66700DE78BE /* ContentView.swift in Sources */,
				A10B460F258C0C7400DE78BE /* CustomEnvionment.swift in Sources */,
				A10B460E258C0C7400DE78BE /* Tabs.swift in Sources */,
			);
			runOnlyForDeploymentPostprocessing = 0;
		};
/* End PBXSourcesBuildPhase section */

/* Begin PBXVariantGroup section */
		A10B45FD258AC66A00DE78BE /* LaunchScreen.storyboard */ = {
			isa = PBXVariantGroup;
			children = (
				A10B45FE258AC66A00DE78BE /* Base */,
			);
			name = LaunchScreen.storyboard;
			sourceTree = "<group>";
		};
/* End PBXVariantGroup section */

/* Begin XCBuildConfiguration section */
		A10B4601258AC66A00DE78BE /* Debug */ = {
			isa = XCBuildConfiguration;
			buildSettings = {
				ALWAYS_SEARCH_USER_PATHS = NO;
				CLANG_ANALYZER_NONNULL = YES;
				CLANG_ANALYZER_NUMBER_OBJECT_CONVERSION = YES_AGGRESSIVE;
				CLANG_CXX_LANGUAGE_STANDARD = "gnu++14";
				CLANG_CXX_LIBRARY = "libc++";
				CLANG_ENABLE_MODULES = YES;
				CLANG_ENABLE_OBJC_ARC = YES;
				CLANG_ENABLE_OBJC_WEAK = YES;
				CLANG_WARN_BLOCK_CAPTURE_AUTORELEASING = YES;
				CLANG_WARN_BOOL_CONVERSION = YES;
				CLANG_WARN_COMMA = YES;
				CLANG_WARN_CONSTANT_CONVERSION = YES;
				CLANG_WARN_DEPRECATED_OBJC_IMPLEMENTATIONS = YES;
				CLANG_WARN_DIRECT_OBJC_ISA_USAGE = YES_ERROR;
				CLANG_WARN_DOCUMENTATION_COMMENTS = YES;
				CLANG_WARN_EMPTY_BODY = YES;
				CLANG_WARN_ENUM_CONVERSION = YES;
				CLANG_WARN_INFINITE_RECURSION = YES;
				CLANG_WARN_INT_CONVERSION = YES;
				CLANG_WARN_NON_LITERAL_NULL_CONVERSION = YES;
				CLANG_WARN_OBJC_IMPLICIT_RETAIN_SELF = YES;
				CLANG_WARN_OBJC_LITERAL_CONVERSION = YES;
				CLANG_WARN_OBJC_ROOT_CLASS = YES_ERROR;
				CLANG_WARN_QUOTED_INCLUDE_IN_FRAMEWORK_HEADER = YES;
				CLANG_WARN_RANGE_LOOP_ANALYSIS = YES;
				CLANG_WARN_STRICT_PROTOTYPES = YES;
				CLANG_WARN_SUSPICIOUS_MOVE = YES;
				CLANG_WARN_UNGUARDED_AVAILABILITY = YES_AGGRESSIVE;
				CLANG_WARN_UNREACHABLE_CODE = YES;
				CLANG_WARN__DUPLICATE_METHOD_MATCH = YES;
				COPY_PHASE_STRIP = NO;
				DEBUG_INFORMATION_FORMAT = dwarf;
				ENABLE_STRICT_OBJC_MSGSEND = YES;
				ENABLE_TESTABILITY = YES;
				GCC_C_LANGUAGE_STANDARD = gnu11;
				GCC_DYNAMIC_NO_PIC = NO;
				GCC_NO_COMMON_BLOCKS = YES;
				GCC_OPTIMIZATION_LEVEL = 0;
				GCC_PREPROCESSOR_DEFINITIONS = (
					"DEBUG=1",
					"$(inherited)",
				);
				GCC_WARN_64_TO_32_BIT_CONVERSION = YES;
				GCC_WARN_ABOUT_RETURN_TYPE = YES_ERROR;
				GCC_WARN_UNDECLARED_SELECTOR = YES;
				GCC_WARN_UNINITIALIZED_AUTOS = YES_AGGRESSIVE;
				GCC_WARN_UNUSED_FUNCTION = YES;
				GCC_WARN_UNUSED_VARIABLE = YES;
				IPHONEOS_DEPLOYMENT_TARGET = 14.2;
				MTL_ENABLE_DEBUG_INFO = INCLUDE_SOURCE;
				MTL_FAST_MATH = YES;
				ONLY_ACTIVE_ARCH = YES;
				SDKROOT = iphoneos;
				SWIFT_ACTIVE_COMPILATION_CONDITIONS = DEBUG;
				SWIFT_OPTIMIZATION_LEVEL = "-Onone";
			};
			name = Debug;
		};
		A10B4602258AC66A00DE78BE /* Release */ = {
			isa = XCBuildConfiguration;
			buildSettings = {
				ALWAYS_SEARCH_USER_PATHS = NO;
				CLANG_ANALYZER_NONNULL = YES;
				CLANG_ANALYZER_NUMBER_OBJECT_CONVERSION = YES_AGGRESSIVE;
				CLANG_CXX_LANGUAGE_STANDARD = "gnu++14";
				CLANG_CXX_LIBRARY = "libc++";
				CLANG_ENABLE_MODULES = YES;
				CLANG_ENABLE_OBJC_ARC = YES;
				CLANG_ENABLE_OBJC_WEAK = YES;
				CLANG_WARN_BLOCK_CAPTURE_AUTORELEASING = YES;
				CLANG_WARN_BOOL_CONVERSION = YES;
				CLANG_WARN_COMMA = YES;
				CLANG_WARN_CONSTANT_CONVERSION = YES;
				CLANG_WARN_DEPRECATED_OBJC_IMPLEMENTATIONS = YES;
				CLANG_WARN_DIRECT_OBJC_ISA_USAGE = YES_ERROR;
				CLANG_WARN_DOCUMENTATION_COMMENTS = YES;
				CLANG_WARN_EMPTY_BODY = YES;
				CLANG_WARN_ENUM_CONVERSION = YES;
				CLANG_WARN_INFINITE_RECURSION = YES;
				CLANG_WARN_INT_CONVERSION = YES;
				CLANG_WARN_NON_LITERAL_NULL_CONVERSION = YES;
				CLANG_WARN_OBJC_IMPLICIT_RETAIN_SELF = YES;
				CLANG_WARN_OBJC_LITERAL_CONVERSION = YES;
				CLANG_WARN_OBJC_ROOT_CLASS = YES_ERROR;
				CLANG_WARN_QUOTED_INCLUDE_IN_FRAMEWORK_HEADER = YES;
				CLANG_WARN_RANGE_LOOP_ANALYSIS = YES;
				CLANG_WARN_STRICT_PROTOTYPES = YES;
				CLANG_WARN_SUSPICIOUS_MOVE = YES;
				CLANG_WARN_UNGUARDED_AVAILABILITY = YES_AGGRESSIVE;
				CLANG_WARN_UNREACHABLE_CODE = YES;
				CLANG_WARN__DUPLICATE_METHOD_MATCH = YES;
				COPY_PHASE_STRIP = NO;
				DEBUG_INFORMATION_FORMAT = "dwarf-with-dsym";
				ENABLE_NS_ASSERTIONS = NO;
				ENABLE_STRICT_OBJC_MSGSEND = YES;
				GCC_C_LANGUAGE_STANDARD = gnu11;
				GCC_NO_COMMON_BLOCKS = YES;
				GCC_WARN_64_TO_32_BIT_CONVERSION = YES;
				GCC_WARN_ABOUT_RETURN_TYPE = YES_ERROR;
				GCC_WARN_UNDECLARED_SELECTOR = YES;
				GCC_WARN_UNINITIALIZED_AUTOS = YES_AGGRESSIVE;
				GCC_WARN_UNUSED_FUNCTION = YES;
				GCC_WARN_UNUSED_VARIABLE = YES;
				IPHONEOS_DEPLOYMENT_TARGET = 14.2;
				MTL_ENABLE_DEBUG_INFO = NO;
				MTL_FAST_MATH = YES;
				SDKROOT = iphoneos;
				SWIFT_COMPILATION_MODE = wholemodule;
				SWIFT_OPTIMIZATION_LEVEL = "-O";
				VALIDATE_PRODUCT = YES;
			};
			name = Release;
		};
		A10B4604258AC66A00DE78BE /* Debug */ = {
			isa = XCBuildConfiguration;
			buildSettings = {
				ASSETCATALOG_COMPILER_APPICON_NAME = AppIcon;
				ASSETCATALOG_COMPILER_GLOBAL_ACCENT_COLOR_NAME = AccentColor;
				CODE_SIGN_STYLE = Automatic;
				DEVELOPMENT_ASSET_PATHS = "\"HotProspects/Preview Content\"";
				ENABLE_PREVIEWS = YES;
				INFOPLIST_FILE = HotProspects/Info.plist;
				LD_RUNPATH_SEARCH_PATHS = (
					"$(inherited)",
					"@executable_path/Frameworks",
				);
				PRODUCT_BUNDLE_IDENTIFIER = com.denpazakura.HotProspects;
				PRODUCT_NAME = "$(TARGET_NAME)";
				SWIFT_VERSION = 5.0;
				TARGETED_DEVICE_FAMILY = "1,2";
			};
			name = Debug;
		};
		A10B4605258AC66A00DE78BE /* Release */ = {
			isa = XCBuildConfiguration;
			buildSettings = {
				ASSETCATALOG_COMPILER_APPICON_NAME = AppIcon;
				ASSETCATALOG_COMPILER_GLOBAL_ACCENT_COLOR_NAME = AccentColor;
				CODE_SIGN_STYLE = Automatic;
				DEVELOPMENT_ASSET_PATHS = "\"HotProspects/Preview Content\"";
				ENABLE_PREVIEWS = YES;
				INFOPLIST_FILE = HotProspects/Info.plist;
				LD_RUNPATH_SEARCH_PATHS = (
					"$(inherited)",
					"@executable_path/Frameworks",
				);
				PRODUCT_BUNDLE_IDENTIFIER = com.denpazakura.HotProspects;
				PRODUCT_NAME = "$(TARGET_NAME)";
				SWIFT_VERSION = 5.0;
				TARGETED_DEVICE_FAMILY = "1,2";
			};
			name = Release;
		};
/* End XCBuildConfiguration section */

/* Begin XCConfigurationList section */
		A10B45EA258AC66700DE78BE /* Build configuration list for PBXProject "HotProspects" */ = {
			isa = XCConfigurationList;
			buildConfigurations = (
				A10B4601258AC66A00DE78BE /* Debug */,
				A10B4602258AC66A00DE78BE /* Release */,
			);
			defaultConfigurationIsVisible = 0;
			defaultConfigurationName = Release;
		};
		A10B4603258AC66A00DE78BE /* Build configuration list for PBXNativeTarget "HotProspects" */ = {
			isa = XCConfigurationList;
			buildConfigurations = (
				A10B4604258AC66A00DE78BE /* Debug */,
				A10B4605258AC66A00DE78BE /* Release */,
			);
			defaultConfigurationIsVisible = 0;
			defaultConfigurationName = Release;
		};
/* End XCConfigurationList section */

/* Begin XCRemoteSwiftPackageReference section */
		A10B4627258EAE5800DE78BE /* XCRemoteSwiftPackageReference "SamplePackage" */ = {
			isa = XCRemoteSwiftPackageReference;
			repositoryURL = "https://github.com/twostraws/SamplePackage";
			requirement = {
				kind = upToNextMajorVersion;
				minimumVersion = 1.0.0;
			};
		};
		A10B463A259001A300DE78BE /* XCRemoteSwiftPackageReference "CodeScanner" */ = {
			isa = XCRemoteSwiftPackageReference;
			repositoryURL = "https://github.com/twostraws/CodeScanner";
			requirement = {
				kind = upToNextMajorVersion;
				minimumVersion = 1.0.7;
			};
		};
/* End XCRemoteSwiftPackageReference section */

/* Begin XCSwiftPackageProductDependency section */
		A10B4628258EAE5800DE78BE /* SamplePackage */ = {
			isa = XCSwiftPackageProductDependency;
			package = A10B4627258EAE5800DE78BE /* XCRemoteSwiftPackageReference "SamplePackage" */;
			productName = SamplePackage;
		};
		A10B463B259001A300DE78BE /* CodeScanner */ = {
			isa = XCSwiftPackageProductDependency;
			package = A10B463A259001A300DE78BE /* XCRemoteSwiftPackageReference "CodeScanner" */;
			productName = CodeScanner;
		};
/* End XCSwiftPackageProductDependency section */
	};
	rootObject = A10B45E7258AC66700DE78BE /* Project object */;
}
