// !$*UTF8*$!
{
	archiveVersion = 1;
	classes = {
	};
	objectVersion = 50;
	objects = {

/* Begin PBXBuildFile section */
		A1FD779225595DF70062C445 /* CoreDataProjectApp.swift in Sources */ = {isa = PBXBuildFile; fileRef = A1FD779125595DF70062C445 /* CoreDataProjectApp.swift */; };
		A1FD779425595DF70062C445 /* MovieContentView.swift in Sources */ = {isa = PBXBuildFile; fileRef = A1FD779325595DF70062C445 /* MovieContentView.swift */; };
		A1FD779625595DFA0062C445 /* Assets.xcassets in Resources */ = {isa = PBXBuildFile; fileRef = A1FD779525595DFA0062C445 /* Assets.xcassets */; };
		A1FD779925595DFA0062C445 /* Preview Assets.xcassets in Resources */ = {isa = PBXBuildFile; fileRef = A1FD779825595DFA0062C445 /* Preview Assets.xcassets */; };
		A1FD779B25595DFA0062C445 /* Persistence.swift in Sources */ = {isa = PBXBuildFile; fileRef = A1FD779A25595DFA0062C445 /* Persistence.swift */; };
		A1FD779E25595DFA0062C445 /* CoreDataProject.xcdatamodeld in Sources */ = {isa = PBXBuildFile; fileRef = A1FD779C25595DFA0062C445 /* CoreDataProject.xcdatamodeld */; };
		A1FD77A825596B8E0062C445 /* Movie+CoreDataClass.swift in Sources */ = {isa = PBXBuildFile; fileRef = A1FD77A625596B8E0062C445 /* Movie+CoreDataClass.swift */; };
		A1FD77A925596B8E0062C445 /* Movie+CoreDataProperties.swift in Sources */ = {isa = PBXBuildFile; fileRef = A1FD77A725596B8E0062C445 /* Movie+CoreDataProperties.swift */; };
		A1FD77AF255B0E260062C445 /* ShipContentView.swift in Sources */ = {isa = PBXBuildFile; fileRef = A1FD77AE255B0E260062C445 /* ShipContentView.swift */; };
		A1FD77B6255B17C60062C445 /* Singer+CoreDataClass.swift in Sources */ = {isa = PBXBuildFile; fileRef = A1FD77B4255B17C60062C445 /* Singer+CoreDataClass.swift */; };
		A1FD77B7255B17C60062C445 /* Singer+CoreDataProperties.swift in Sources */ = {isa = PBXBuildFile; fileRef = A1FD77B5255B17C60062C445 /* Singer+CoreDataProperties.swift */; };
		A1FD77BC255B21160062C445 /* SingerContentView.swift in Sources */ = {isa = PBXBuildFile; fileRef = A1FD77BB255B21160062C445 /* SingerContentView.swift */; };
		A1FD77BF255B21690062C445 /* FilteredList.swift in Sources */ = {isa = PBXBuildFile; fileRef = A1FD77BE255B21690062C445 /* FilteredList.swift */; };
/* End PBXBuildFile section */

/* Begin PBXFileReference section */
		A1FD778E25595DF70062C445 /* CoreDataProject.app */ = {isa = PBXFileReference; explicitFileType = wrapper.application; includeInIndex = 0; path = CoreDataProject.app; sourceTree = BUILT_PRODUCTS_DIR; };
		A1FD779125595DF70062C445 /* CoreDataProjectApp.swift */ = {isa = PBXFileReference; lastKnownFileType = sourcecode.swift; path = CoreDataProjectApp.swift; sourceTree = "<group>"; };
		A1FD779325595DF70062C445 /* MovieContentView.swift */ = {isa = PBXFileReference; lastKnownFileType = sourcecode.swift; path = MovieContentView.swift; sourceTree = "<group>"; };
		A1FD779525595DFA0062C445 /* Assets.xcassets */ = {isa = PBXFileReference; lastKnownFileType = folder.assetcatalog; path = Assets.xcassets; sourceTree = "<group>"; };
		A1FD779825595DFA0062C445 /* Preview Assets.xcassets */ = {isa = PBXFileReference; lastKnownFileType = folder.assetcatalog; path = "Preview Assets.xcassets"; sourceTree = "<group>"; };
		A1FD779A25595DFA0062C445 /* Persistence.swift */ = {isa = PBXFileReference; lastKnownFileType = sourcecode.swift; path = Persistence.swift; sourceTree = "<group>"; };
		A1FD779D25595DFA0062C445 /* CoreDataProject.xcdatamodel */ = {isa = PBXFileReference; lastKnownFileType = wrapper.xcdatamodel; path = CoreDataProject.xcdatamodel; sourceTree = "<group>"; };
		A1FD779F25595DFA0062C445 /* Info.plist */ = {isa = PBXFileReference; lastKnownFileType = text.plist.xml; path = Info.plist; sourceTree = "<group>"; };
		A1FD77A625596B8E0062C445 /* Movie+CoreDataClass.swift */ = {isa = PBXFileReference; lastKnownFileType = sourcecode.swift; path = "Movie+CoreDataClass.swift"; sourceTree = "<group>"; };
		A1FD77A725596B8E0062C445 /* Movie+CoreDataProperties.swift */ = {isa = PBXFileReference; lastKnownFileType = sourcecode.swift; path = "Movie+CoreDataProperties.swift"; sourceTree = "<group>"; };
		A1FD77AE255B0E260062C445 /* ShipContentView.swift */ = {isa = PBXFileReference; lastKnownFileType = sourcecode.swift; path = ShipContentView.swift; sourceTree = "<group>"; };
		A1FD77B4255B17C60062C445 /* Singer+CoreDataClass.swift */ = {isa = PBXFileReference; lastKnownFileType = sourcecode.swift; path = "Singer+CoreDataClass.swift"; sourceTree = "<group>"; };
		A1FD77B5255B17C60062C445 /* Singer+CoreDataProperties.swift */ = {isa = PBXFileReference; lastKnownFileType = sourcecode.swift; path = "Singer+CoreDataProperties.swift"; sourceTree = "<group>"; };
		A1FD77BB255B21160062C445 /* SingerContentView.swift */ = {isa = PBXFileReference; lastKnownFileType = sourcecode.swift; path = SingerContentView.swift; sourceTree = "<group>"; };
		A1FD77BE255B21690062C445 /* FilteredList.swift */ = {isa = PBXFileReference; lastKnownFileType = sourcecode.swift; path = FilteredList.swift; sourceTree = "<group>"; };
/* End PBXFileReference section */

/* Begin PBXFrameworksBuildPhase section */
		A1FD778B25595DF70062C445 /* Frameworks */ = {
			isa = PBXFrameworksBuildPhase;
			buildActionMask = 2147483647;
			files = (
			);
			runOnlyForDeploymentPostprocessing = 0;
		};
/* End PBXFrameworksBuildPhase section */

/* Begin PBXGroup section */
		A1FD778525595DF70062C445 = {
			isa = PBXGroup;
			children = (
				A1FD779025595DF70062C445 /* CoreDataProject */,
				A1FD778F25595DF70062C445 /* Products */,
			);
			sourceTree = "<group>";
		};
		A1FD778F25595DF70062C445 /* Products */ = {
			isa = PBXGroup;
			children = (
				A1FD778E25595DF70062C445 /* CoreDataProject.app */,
			);
			name = Products;
			sourceTree = "<group>";
		};
		A1FD779025595DF70062C445 /* CoreDataProject */ = {
			isa = PBXGroup;
			children = (
				A1FD779C25595DFA0062C445 /* CoreDataProject.xcdatamodeld */,
				A1FD77B9255B17D60062C445 /* Singer */,
				A1FD77B2255B0F020062C445 /* Ship */,
				A1FD77AB25596BB40062C445 /* Movie */,
				A1FD779125595DF70062C445 /* CoreDataProjectApp.swift */,
				A1FD779525595DFA0062C445 /* Assets.xcassets */,
				A1FD779A25595DFA0062C445 /* Persistence.swift */,
				A1FD779F25595DFA0062C445 /* Info.plist */,
				A1FD779725595DFA0062C445 /* Preview Content */,
			);
			path = CoreDataProject;
			sourceTree = "<group>";
		};
		A1FD779725595DFA0062C445 /* Preview Content */ = {
			isa = PBXGroup;
			children = (
				A1FD779825595DFA0062C445 /* Preview Assets.xcassets */,
			);
			path = "Preview Content";
			sourceTree = "<group>";
		};
		A1FD77AB25596BB40062C445 /* Movie */ = {
			isa = PBXGroup;
			children = (
				A1FD779325595DF70062C445 /* MovieContentView.swift */,
				A1FD77A625596B8E0062C445 /* Movie+CoreDataClass.swift */,
				A1FD77A725596B8E0062C445 /* Movie+CoreDataProperties.swift */,
			);
			path = Movie;
			sourceTree = "<group>";
		};
		A1FD77B2255B0F020062C445 /* Ship */ = {
			isa = PBXGroup;
			children = (
				A1FD77AE255B0E260062C445 /* ShipContentView.swift */,
			);
			path = Ship;
			sourceTree = "<group>";
		};
		A1FD77B9255B17D60062C445 /* Singer */ = {
			isa = PBXGroup;
			children = (
				A1FD77B4255B17C60062C445 /* Singer+CoreDataClass.swift */,
				A1FD77B5255B17C60062C445 /* Singer+CoreDataProperties.swift */,
				A1FD77BB255B21160062C445 /* SingerContentView.swift */,
				A1FD77BE255B21690062C445 /* FilteredList.swift */,
			);
			path = Singer;
			sourceTree = "<group>";
		};
/* End PBXGroup section */

/* Begin PBXNativeTarget section */
		A1FD778D25595DF70062C445 /* CoreDataProject */ = {
			isa = PBXNativeTarget;
			buildConfigurationList = A1FD77A225595DFA0062C445 /* Build configuration list for PBXNativeTarget "CoreDataProject" */;
			buildPhases = (
				A1FD778A25595DF70062C445 /* Sources */,
				A1FD778B25595DF70062C445 /* Frameworks */,
				A1FD778C25595DF70062C445 /* Resources */,
			);
			buildRules = (
			);
			dependencies = (
			);
			name = CoreDataProject;
			productName = CoreDataProject;
			productReference = A1FD778E25595DF70062C445 /* CoreDataProject.app */;
			productType = "com.apple.product-type.application";
		};
/* End PBXNativeTarget section */

/* Begin PBXProject section */
		A1FD778625595DF70062C445 /* Project object */ = {
			isa = PBXProject;
			attributes = {
				LastSwiftUpdateCheck = 1200;
				LastUpgradeCheck = 1200;
				TargetAttributes = {
					A1FD778D25595DF70062C445 = {
						CreatedOnToolsVersion = 12.0;
					};
				};
			};
			buildConfigurationList = A1FD778925595DF70062C445 /* Build configuration list for PBXProject "CoreDataProject" */;
			compatibilityVersion = "Xcode 9.3";
			developmentRegion = en;
			hasScannedForEncodings = 0;
			knownRegions = (
				en,
				Base,
			);
			mainGroup = A1FD778525595DF70062C445;
			productRefGroup = A1FD778F25595DF70062C445 /* Products */;
			projectDirPath = "";
			projectRoot = "";
			targets = (
				A1FD778D25595DF70062C445 /* CoreDataProject */,
			);
		};
/* End PBXProject section */

/* Begin PBXResourcesBuildPhase section */
		A1FD778C25595DF70062C445 /* Resources */ = {
			isa = PBXResourcesBuildPhase;
			buildActionMask = 2147483647;
			files = (
				A1FD779925595DFA0062C445 /* Preview Assets.xcassets in Resources */,
				A1FD779625595DFA0062C445 /* Assets.xcassets in Resources */,
			);
			runOnlyForDeploymentPostprocessing = 0;
		};
/* End PBXResourcesBuildPhase section */

/* Begin PBXSourcesBuildPhase section */
		A1FD778A25595DF70062C445 /* Sources */ = {
			isa = PBXSourcesBuildPhase;
			buildActionMask = 2147483647;
			files = (
				A1FD779B25595DFA0062C445 /* Persistence.swift in Sources */,
				A1FD77B7255B17C60062C445 /* Singer+CoreDataProperties.swift in Sources */,
				A1FD77B6255B17C60062C445 /* Singer+CoreDataClass.swift in Sources */,
				A1FD779425595DF70062C445 /* MovieContentView.swift in Sources */,
				A1FD779E25595DFA0062C445 /* CoreDataProject.xcdatamodeld in Sources */,
				A1FD77AF255B0E260062C445 /* ShipContentView.swift in Sources */,
				A1FD77BF255B21690062C445 /* FilteredList.swift in Sources */,
				A1FD77A825596B8E0062C445 /* Movie+CoreDataClass.swift in Sources */,
				A1FD77A925596B8E0062C445 /* Movie+CoreDataProperties.swift in Sources */,
				A1FD77BC255B21160062C445 /* SingerContentView.swift in Sources */,
				A1FD779225595DF70062C445 /* CoreDataProjectApp.swift in Sources */,
			);
			runOnlyForDeploymentPostprocessing = 0;
		};
/* End PBXSourcesBuildPhase section */

/* Begin XCBuildConfiguration section */
		A1FD77A025595DFA0062C445 /* Debug */ = {
			isa = XCBuildConfiguration;
			buildSettings = {
				ALWAYS_SEARCH_USER_PATHS = NO;
				CLANG_ANALYZER_NONNULL = YES;
				CLANG_ANALYZER_NUMBER_OBJECT_CONVERSION = YES_AGGRESSIVE;
				CLANG_CXX_LANGUAGE_STANDARD = "gnu++14";
				CLANG_CXX_LIBRARY = "libc++";
				CLANG_ENABLE_MODULES = YES;
				CLANG_ENABLE_OBJC_ARC = YES;
				CLANG_ENABLE_OBJC_WEAK = YES;
				CLANG_WARN_BLOCK_CAPTURE_AUTORELEASING = YES;
				CLANG_WARN_BOOL_CONVERSION = YES;
				CLANG_WARN_COMMA = YES;
				CLANG_WARN_CONSTANT_CONVERSION = YES;
				CLANG_WARN_DEPRECATED_OBJC_IMPLEMENTATIONS = YES;
				CLANG_WARN_DIRECT_OBJC_ISA_USAGE = YES_ERROR;
				CLANG_WARN_DOCUMENTATION_COMMENTS = YES;
				CLANG_WARN_EMPTY_BODY = YES;
				CLANG_WARN_ENUM_CONVERSION = YES;
				CLANG_WARN_INFINITE_RECURSION = YES;
				CLANG_WARN_INT_CONVERSION = YES;
				CLANG_WARN_NON_LITERAL_NULL_CONVERSION = YES;
				CLANG_WARN_OBJC_IMPLICIT_RETAIN_SELF = YES;
				CLANG_WARN_OBJC_LITERAL_CONVERSION = YES;
				CLANG_WARN_OBJC_ROOT_CLASS = YES_ERROR;
				CLANG_WARN_QUOTED_INCLUDE_IN_FRAMEWORK_HEADER = YES;
				CLANG_WARN_RANGE_LOOP_ANALYSIS = YES;
				CLANG_WARN_STRICT_PROTOTYPES = YES;
				CLANG_WARN_SUSPICIOUS_MOVE = YES;
				CLANG_WARN_UNGUARDED_AVAILABILITY = YES_AGGRESSIVE;
				CLANG_WARN_UNREACHABLE_CODE = YES;
				CLANG_WARN__DUPLICATE_METHOD_MATCH = YES;
				COPY_PHASE_STRIP = NO;
				DEBUG_INFORMATION_FORMAT = dwarf;
				ENABLE_STRICT_OBJC_MSGSEND = YES;
				ENABLE_TESTABILITY = YES;
				GCC_C_LANGUAGE_STANDARD = gnu11;
				GCC_DYNAMIC_NO_PIC = NO;
				GCC_NO_COMMON_BLOCKS = YES;
				GCC_OPTIMIZATION_LEVEL = 0;
				GCC_PREPROCESSOR_DEFINITIONS = (
					"DEBUG=1",
					"$(inherited)",
				);
				GCC_WARN_64_TO_32_BIT_CONVERSION = YES;
				GCC_WARN_ABOUT_RETURN_TYPE = YES_ERROR;
				GCC_WARN_UNDECLARED_SELECTOR = YES;
				GCC_WARN_UNINITIALIZED_AUTOS = YES_AGGRESSIVE;
				GCC_WARN_UNUSED_FUNCTION = YES;
				GCC_WARN_UNUSED_VARIABLE = YES;
				IPHONEOS_DEPLOYMENT_TARGET = 14.0;
				MTL_ENABLE_DEBUG_INFO = INCLUDE_SOURCE;
				MTL_FAST_MATH = YES;
				ONLY_ACTIVE_ARCH = YES;
				SDKROOT = iphoneos;
				SWIFT_ACTIVE_COMPILATION_CONDITIONS = DEBUG;
				SWIFT_OPTIMIZATION_LEVEL = "-Onone";
			};
			name = Debug;
		};
		A1FD77A125595DFA0062C445 /* Release */ = {
			isa = XCBuildConfiguration;
			buildSettings = {
				ALWAYS_SEARCH_USER_PATHS = NO;
				CLANG_ANALYZER_NONNULL = YES;
				CLANG_ANALYZER_NUMBER_OBJECT_CONVERSION = YES_AGGRESSIVE;
				CLANG_CXX_LANGUAGE_STANDARD = "gnu++14";
				CLANG_CXX_LIBRARY = "libc++";
				CLANG_ENABLE_MODULES = YES;
				CLANG_ENABLE_OBJC_ARC = YES;
				CLANG_ENABLE_OBJC_WEAK = YES;
				CLANG_WARN_BLOCK_CAPTURE_AUTORELEASING = YES;
				CLANG_WARN_BOOL_CONVERSION = YES;
				CLANG_WARN_COMMA = YES;
				CLANG_WARN_CONSTANT_CONVERSION = YES;
				CLANG_WARN_DEPRECATED_OBJC_IMPLEMENTATIONS = YES;
				CLANG_WARN_DIRECT_OBJC_ISA_USAGE = YES_ERROR;
				CLANG_WARN_DOCUMENTATION_COMMENTS = YES;
				CLANG_WARN_EMPTY_BODY = YES;
				CLANG_WARN_ENUM_CONVERSION = YES;
				CLANG_WARN_INFINITE_RECURSION = YES;
				CLANG_WARN_INT_CONVERSION = YES;
				CLANG_WARN_NON_LITERAL_NULL_CONVERSION = YES;
				CLANG_WARN_OBJC_IMPLICIT_RETAIN_SELF = YES;
				CLANG_WARN_OBJC_LITERAL_CONVERSION = YES;
				CLANG_WARN_OBJC_ROOT_CLASS = YES_ERROR;
				CLANG_WARN_QUOTED_INCLUDE_IN_FRAMEWORK_HEADER = YES;
				CLANG_WARN_RANGE_LOOP_ANALYSIS = YES;
				CLANG_WARN_STRICT_PROTOTYPES = YES;
				CLANG_WARN_SUSPICIOUS_MOVE = YES;
				CLANG_WARN_UNGUARDED_AVAILABILITY = YES_AGGRESSIVE;
				CLANG_WARN_UNREACHABLE_CODE = YES;
				CLANG_WARN__DUPLICATE_METHOD_MATCH = YES;
				COPY_PHASE_STRIP = NO;
				DEBUG_INFORMATION_FORMAT = "dwarf-with-dsym";
				ENABLE_NS_ASSERTIONS = NO;
				ENABLE_STRICT_OBJC_MSGSEND = YES;
				GCC_C_LANGUAGE_STANDARD = gnu11;
				GCC_NO_COMMON_BLOCKS = YES;
				GCC_WARN_64_TO_32_BIT_CONVERSION = YES;
				GCC_WARN_ABOUT_RETURN_TYPE = YES_ERROR;
				GCC_WARN_UNDECLARED_SELECTOR = YES;
				GCC_WARN_UNINITIALIZED_AUTOS = YES_AGGRESSIVE;
				GCC_WARN_UNUSED_FUNCTION = YES;
				GCC_WARN_UNUSED_VARIABLE = YES;
				IPHONEOS_DEPLOYMENT_TARGET = 14.0;
				MTL_ENABLE_DEBUG_INFO = NO;
				MTL_FAST_MATH = YES;
				SDKROOT = iphoneos;
				SWIFT_COMPILATION_MODE = wholemodule;
				SWIFT_OPTIMIZATION_LEVEL = "-O";
				VALIDATE_PRODUCT = YES;
			};
			name = Release;
		};
		A1FD77A325595DFA0062C445 /* Debug */ = {
			isa = XCBuildConfiguration;
			buildSettings = {
				ASSETCATALOG_COMPILER_APPICON_NAME = AppIcon;
				ASSETCATALOG_COMPILER_GLOBAL_ACCENT_COLOR_NAME = AccentColor;
				CODE_SIGN_STYLE = Automatic;
				DEVELOPMENT_ASSET_PATHS = "\"CoreDataProject/Preview Content\"";
				ENABLE_PREVIEWS = YES;
				INFOPLIST_FILE = CoreDataProject/Info.plist;
				IPHONEOS_DEPLOYMENT_TARGET = 14.0;
				LD_RUNPATH_SEARCH_PATHS = (
					"$(inherited)",
					"@executable_path/Frameworks",
				);
				PRODUCT_BUNDLE_IDENTIFIER = com.denpazakura.CoreDataProject;
				PRODUCT_NAME = "$(TARGET_NAME)";
				SWIFT_VERSION = 5.0;
				TARGETED_DEVICE_FAMILY = "1,2";
			};
			name = Debug;
		};
		A1FD77A425595DFA0062C445 /* Release */ = {
			isa = XCBuildConfiguration;
			buildSettings = {
				ASSETCATALOG_COMPILER_APPICON_NAME = AppIcon;
				ASSETCATALOG_COMPILER_GLOBAL_ACCENT_COLOR_NAME = AccentColor;
				CODE_SIGN_STYLE = Automatic;
				DEVELOPMENT_ASSET_PATHS = "\"CoreDataProject/Preview Content\"";
				ENABLE_PREVIEWS = YES;
				INFOPLIST_FILE = CoreDataProject/Info.plist;
				IPHONEOS_DEPLOYMENT_TARGET = 14.0;
				LD_RUNPATH_SEARCH_PATHS = (
					"$(inherited)",
					"@executable_path/Frameworks",
				);
				PRODUCT_BUNDLE_IDENTIFIER = com.denpazakura.CoreDataProject;
				PRODUCT_NAME = "$(TARGET_NAME)";
				SWIFT_VERSION = 5.0;
				TARGETED_DEVICE_FAMILY = "1,2";
			};
			name = Release;
		};
/* End XCBuildConfiguration section */

/* Begin XCConfigurationList section */
		A1FD778925595DF70062C445 /* Build configuration list for PBXProject "CoreDataProject" */ = {
			isa = XCConfigurationList;
			buildConfigurations = (
				A1FD77A025595DFA0062C445 /* Debug */,
				A1FD77A125595DFA0062C445 /* Release */,
			);
			defaultConfigurationIsVisible = 0;
			defaultConfigurationName = Release;
		};
		A1FD77A225595DFA0062C445 /* Build configuration list for PBXNativeTarget "CoreDataProject" */ = {
			isa = XCConfigurationList;
			buildConfigurations = (
				A1FD77A325595DFA0062C445 /* Debug */,
				A1FD77A425595DFA0062C445 /* Release */,
			);
			defaultConfigurationIsVisible = 0;
			defaultConfigurationName = Release;
		};
/* End XCConfigurationList section */

/* Begin XCVersionGroup section */
		A1FD779C25595DFA0062C445 /* CoreDataProject.xcdatamodeld */ = {
			isa = XCVersionGroup;
			children = (
				A1FD779D25595DFA0062C445 /* CoreDataProject.xcdatamodel */,
			);
			currentVersion = A1FD779D25595DFA0062C445 /* CoreDataProject.xcdatamodel */;
			path = CoreDataProject.xcdatamodeld;
			sourceTree = "<group>";
			versionGroupType = wrapper.xcdatamodel;
		};
/* End XCVersionGroup section */
	};
	rootObject = A1FD778625595DF70062C445 /* Project object */;
}
