// !$*UTF8*$!
{
	archiveVersion = 1;
	classes = {
	};
	objectVersion = 50;
	objects = {

/* Begin PBXBuildFile section */
		A1692C80254636F4005BDE65 /* AppDelegate.swift in Sources */ = {isa = PBXBuildFile; fileRef = A1692C7F254636F4005BDE65 /* AppDelegate.swift */; };
		A1692C82254636F4005BDE65 /* SceneDelegate.swift in Sources */ = {isa = PBXBuildFile; fileRef = A1692C81254636F4005BDE65 /* SceneDelegate.swift */; };
		A1692C84254636F4005BDE65 /* ContentView.swift in Sources */ = {isa = PBXBuildFile; fileRef = A1692C83254636F4005BDE65 /* ContentView.swift */; };
		A1692C86254636F7005BDE65 /* Assets.xcassets in Resources */ = {isa = PBXBuildFile; fileRef = A1692C85254636F7005BDE65 /* Assets.xcassets */; };
		A1692C89254636F7005BDE65 /* Preview Assets.xcassets in Resources */ = {isa = PBXBuildFile; fileRef = A1692C88254636F7005BDE65 /* Preview Assets.xcassets */; };
		A1692C8C254636F7005BDE65 /* LaunchScreen.storyboard in Resources */ = {isa = PBXBuildFile; fileRef = A1692C8A254636F7005BDE65 /* LaunchScreen.storyboard */; };
		A1692C9425463759005BDE65 /* Trapezoid.swift in Sources */ = {isa = PBXBuildFile; fileRef = A1692C9325463759005BDE65 /* Trapezoid.swift */; };
		A1692C962546DDDA005BDE65 /* Checkerboard.swift in Sources */ = {isa = PBXBuildFile; fileRef = A1692C952546DDDA005BDE65 /* Checkerboard.swift */; };
		A1692CBB2548B638005BDE65 /* Arrow.swift in Sources */ = {isa = PBXBuildFile; fileRef = A1692CBA2548B638005BDE65 /* Arrow.swift */; };
/* End PBXBuildFile section */

/* Begin PBXFileReference section */
		A1692C7C254636F4005BDE65 /* Drawing.app */ = {isa = PBXFileReference; explicitFileType = wrapper.application; includeInIndex = 0; path = Drawing.app; sourceTree = BUILT_PRODUCTS_DIR; };
		A1692C7F254636F4005BDE65 /* AppDelegate.swift */ = {isa = PBXFileReference; lastKnownFileType = sourcecode.swift; path = AppDelegate.swift; sourceTree = "<group>"; };
		A1692C81254636F4005BDE65 /* SceneDelegate.swift */ = {isa = PBXFileReference; lastKnownFileType = sourcecode.swift; path = SceneDelegate.swift; sourceTree = "<group>"; };
		A1692C83254636F4005BDE65 /* ContentView.swift */ = {isa = PBXFileReference; lastKnownFileType = sourcecode.swift; path = ContentView.swift; sourceTree = "<group>"; };
		A1692C85254636F7005BDE65 /* Assets.xcassets */ = {isa = PBXFileReference; lastKnownFileType = folder.assetcatalog; path = Assets.xcassets; sourceTree = "<group>"; };
		A1692C88254636F7005BDE65 /* Preview Assets.xcassets */ = {isa = PBXFileReference; lastKnownFileType = folder.assetcatalog; path = "Preview Assets.xcassets"; sourceTree = "<group>"; };
		A1692C8B254636F7005BDE65 /* Base */ = {isa = PBXFileReference; lastKnownFileType = file.storyboard; name = Base; path = Base.lproj/LaunchScreen.storyboard; sourceTree = "<group>"; };
		A1692C8D254636F7005BDE65 /* Info.plist */ = {isa = PBXFileReference; lastKnownFileType = text.plist.xml; path = Info.plist; sourceTree = "<group>"; };
		A1692C9325463759005BDE65 /* Trapezoid.swift */ = {isa = PBXFileReference; lastKnownFileType = sourcecode.swift; path = Trapezoid.swift; sourceTree = "<group>"; };
		A1692C952546DDDA005BDE65 /* Checkerboard.swift */ = {isa = PBXFileReference; lastKnownFileType = sourcecode.swift; path = Checkerboard.swift; sourceTree = "<group>"; };
		A1692CBA2548B638005BDE65 /* Arrow.swift */ = {isa = PBXFileReference; lastKnownFileType = sourcecode.swift; path = Arrow.swift; sourceTree = "<group>"; };
/* End PBXFileReference section */

/* Begin PBXFrameworksBuildPhase section */
		A1692C79254636F4005BDE65 /* Frameworks */ = {
			isa = PBXFrameworksBuildPhase;
			buildActionMask = 2147483647;
			files = (
			);
			runOnlyForDeploymentPostprocessing = 0;
		};
/* End PBXFrameworksBuildPhase section */

/* Begin PBXGroup section */
		A1692C73254636F4005BDE65 = {
			isa = PBXGroup;
			children = (
				A1692C7E254636F4005BDE65 /* Drawing */,
				A1692C7D254636F4005BDE65 /* Products */,
			);
			sourceTree = "<group>";
		};
		A1692C7D254636F4005BDE65 /* Products */ = {
			isa = PBXGroup;
			children = (
				A1692C7C254636F4005BDE65 /* Drawing.app */,
			);
			name = Products;
			sourceTree = "<group>";
		};
		A1692C7E254636F4005BDE65 /* Drawing */ = {
			isa = PBXGroup;
			children = (
				A1692C972546DDE4005BDE65 /* Shapes */,
				A1692C7F254636F4005BDE65 /* AppDelegate.swift */,
				A1692C81254636F4005BDE65 /* SceneDelegate.swift */,
				A1692C83254636F4005BDE65 /* ContentView.swift */,
				A1692C85254636F7005BDE65 /* Assets.xcassets */,
				A1692C8A254636F7005BDE65 /* LaunchScreen.storyboard */,
				A1692C8D254636F7005BDE65 /* Info.plist */,
				A1692C87254636F7005BDE65 /* Preview Content */,
			);
			path = Drawing;
			sourceTree = "<group>";
		};
		A1692C87254636F7005BDE65 /* Preview Content */ = {
			isa = PBXGroup;
			children = (
				A1692C88254636F7005BDE65 /* Preview Assets.xcassets */,
			);
			path = "Preview Content";
			sourceTree = "<group>";
		};
		A1692C972546DDE4005BDE65 /* Shapes */ = {
			isa = PBXGroup;
			children = (
				A1692C9325463759005BDE65 /* Trapezoid.swift */,
				A1692C952546DDDA005BDE65 /* Checkerboard.swift */,
				A1692CBA2548B638005BDE65 /* Arrow.swift */,
			);
			path = Shapes;
			sourceTree = "<group>";
		};
/* End PBXGroup section */

/* Begin PBXNativeTarget section */
		A1692C7B254636F4005BDE65 /* Drawing */ = {
			isa = PBXNativeTarget;
			buildConfigurationList = A1692C90254636F7005BDE65 /* Build configuration list for PBXNativeTarget "Drawing" */;
			buildPhases = (
				A1692C78254636F4005BDE65 /* Sources */,
				A1692C79254636F4005BDE65 /* Frameworks */,
				A1692C7A254636F4005BDE65 /* Resources */,
			);
			buildRules = (
			);
			dependencies = (
			);
			name = Drawing;
			productName = Drawing;
			productReference = A1692C7C254636F4005BDE65 /* Drawing.app */;
			productType = "com.apple.product-type.application";
		};
/* End PBXNativeTarget section */

/* Begin PBXProject section */
		A1692C74254636F4005BDE65 /* Project object */ = {
			isa = PBXProject;
			attributes = {
				LastSwiftUpdateCheck = 1170;
				LastUpgradeCheck = 1170;
				ORGANIZATIONNAME = denpazakura;
				TargetAttributes = {
					A1692C7B254636F4005BDE65 = {
						CreatedOnToolsVersion = 11.7;
					};
				};
			};
			buildConfigurationList = A1692C77254636F4005BDE65 /* Build configuration list for PBXProject "Drawing" */;
			compatibilityVersion = "Xcode 9.3";
			developmentRegion = en;
			hasScannedForEncodings = 0;
			knownRegions = (
				en,
				Base,
			);
			mainGroup = A1692C73254636F4005BDE65;
			productRefGroup = A1692C7D254636F4005BDE65 /* Products */;
			projectDirPath = "";
			projectRoot = "";
			targets = (
				A1692C7B254636F4005BDE65 /* Drawing */,
			);
		};
/* End PBXProject section */

/* Begin PBXResourcesBuildPhase section */
		A1692C7A254636F4005BDE65 /* Resources */ = {
			isa = PBXResourcesBuildPhase;
			buildActionMask = 2147483647;
			files = (
				A1692C8C254636F7005BDE65 /* LaunchScreen.storyboard in Resources */,
				A1692C89254636F7005BDE65 /* Preview Assets.xcassets in Resources */,
				A1692C86254636F7005BDE65 /* Assets.xcassets in Resources */,
			);
			runOnlyForDeploymentPostprocessing = 0;
		};
/* End PBXResourcesBuildPhase section */

/* Begin PBXSourcesBuildPhase section */
		A1692C78254636F4005BDE65 /* Sources */ = {
			isa = PBXSourcesBuildPhase;
			buildActionMask = 2147483647;
			files = (
				A1692C9425463759005BDE65 /* Trapezoid.swift in Sources */,
				A1692C962546DDDA005BDE65 /* Checkerboard.swift in Sources */,
				A1692C80254636F4005BDE65 /* AppDelegate.swift in Sources */,
				A1692C82254636F4005BDE65 /* SceneDelegate.swift in Sources */,
				A1692C84254636F4005BDE65 /* ContentView.swift in Sources */,
				A1692CBB2548B638005BDE65 /* Arrow.swift in Sources */,
			);
			runOnlyForDeploymentPostprocessing = 0;
		};
/* End PBXSourcesBuildPhase section */

/* Begin PBXVariantGroup section */
		A1692C8A254636F7005BDE65 /* LaunchScreen.storyboard */ = {
			isa = PBXVariantGroup;
			children = (
				A1692C8B254636F7005BDE65 /* Base */,
			);
			name = LaunchScreen.storyboard;
			sourceTree = "<group>";
		};
/* End PBXVariantGroup section */

/* Begin XCBuildConfiguration section */
		A1692C8E254636F7005BDE65 /* Debug */ = {
			isa = XCBuildConfiguration;
			buildSettings = {
				ALWAYS_SEARCH_USER_PATHS = NO;
				CLANG_ANALYZER_NONNULL = YES;
				CLANG_ANALYZER_NUMBER_OBJECT_CONVERSION = YES_AGGRESSIVE;
				CLANG_CXX_LANGUAGE_STANDARD = "gnu++14";
				CLANG_CXX_LIBRARY = "libc++";
				CLANG_ENABLE_MODULES = YES;
				CLANG_ENABLE_OBJC_ARC = YES;
				CLANG_ENABLE_OBJC_WEAK = YES;
				CLANG_WARN_BLOCK_CAPTURE_AUTORELEASING = YES;
				CLANG_WARN_BOOL_CONVERSION = YES;
				CLANG_WARN_COMMA = YES;
				CLANG_WARN_CONSTANT_CONVERSION = YES;
				CLANG_WARN_DEPRECATED_OBJC_IMPLEMENTATIONS = YES;
				CLANG_WARN_DIRECT_OBJC_ISA_USAGE = YES_ERROR;
				CLANG_WARN_DOCUMENTATION_COMMENTS = YES;
				CLANG_WARN_EMPTY_BODY = YES;
				CLANG_WARN_ENUM_CONVERSION = YES;
				CLANG_WARN_INFINITE_RECURSION = YES;
				CLANG_WARN_INT_CONVERSION = YES;
				CLANG_WARN_NON_LITERAL_NULL_CONVERSION = YES;
				CLANG_WARN_OBJC_IMPLICIT_RETAIN_SELF = YES;
				CLANG_WARN_OBJC_LITERAL_CONVERSION = YES;
				CLANG_WARN_OBJC_ROOT_CLASS = YES_ERROR;
				CLANG_WARN_RANGE_LOOP_ANALYSIS = YES;
				CLANG_WARN_STRICT_PROTOTYPES = YES;
				CLANG_WARN_SUSPICIOUS_MOVE = YES;
				CLANG_WARN_UNGUARDED_AVAILABILITY = YES_AGGRESSIVE;
				CLANG_WARN_UNREACHABLE_CODE = YES;
				CLANG_WARN__DUPLICATE_METHOD_MATCH = YES;
				COPY_PHASE_STRIP = NO;
				DEBUG_INFORMATION_FORMAT = dwarf;
				ENABLE_STRICT_OBJC_MSGSEND = YES;
				ENABLE_TESTABILITY = YES;
				GCC_C_LANGUAGE_STANDARD = gnu11;
				GCC_DYNAMIC_NO_PIC = NO;
				GCC_NO_COMMON_BLOCKS = YES;
				GCC_OPTIMIZATION_LEVEL = 0;
				GCC_PREPROCESSOR_DEFINITIONS = (
					"DEBUG=1",
					"$(inherited)",
				);
				GCC_WARN_64_TO_32_BIT_CONVERSION = YES;
				GCC_WARN_ABOUT_RETURN_TYPE = YES_ERROR;
				GCC_WARN_UNDECLARED_SELECTOR = YES;
				GCC_WARN_UNINITIALIZED_AUTOS = YES_AGGRESSIVE;
				GCC_WARN_UNUSED_FUNCTION = YES;
				GCC_WARN_UNUSED_VARIABLE = YES;
				IPHONEOS_DEPLOYMENT_TARGET = 13.7;
				MTL_ENABLE_DEBUG_INFO = INCLUDE_SOURCE;
				MTL_FAST_MATH = YES;
				ONLY_ACTIVE_ARCH = YES;
				SDKROOT = iphoneos;
				SWIFT_ACTIVE_COMPILATION_CONDITIONS = DEBUG;
				SWIFT_OPTIMIZATION_LEVEL = "-Onone";
			};
			name = Debug;
		};
		A1692C8F254636F7005BDE65 /* Release */ = {
			isa = XCBuildConfiguration;
			buildSettings = {
				ALWAYS_SEARCH_USER_PATHS = NO;
				CLANG_ANALYZER_NONNULL = YES;
				CLANG_ANALYZER_NUMBER_OBJECT_CONVERSION = YES_AGGRESSIVE;
				CLANG_CXX_LANGUAGE_STANDARD = "gnu++14";
				CLANG_CXX_LIBRARY = "libc++";
				CLANG_ENABLE_MODULES = YES;
				CLANG_ENABLE_OBJC_ARC = YES;
				CLANG_ENABLE_OBJC_WEAK = YES;
				CLANG_WARN_BLOCK_CAPTURE_AUTORELEASING = YES;
				CLANG_WARN_BOOL_CONVERSION = YES;
				CLANG_WARN_COMMA = YES;
				CLANG_WARN_CONSTANT_CONVERSION = YES;
				CLANG_WARN_DEPRECATED_OBJC_IMPLEMENTATIONS = YES;
				CLANG_WARN_DIRECT_OBJC_ISA_USAGE = YES_ERROR;
				CLANG_WARN_DOCUMENTATION_COMMENTS = YES;
				CLANG_WARN_EMPTY_BODY = YES;
				CLANG_WARN_ENUM_CONVERSION = YES;
				CLANG_WARN_INFINITE_RECURSION = YES;
				CLANG_WARN_INT_CONVERSION = YES;
				CLANG_WARN_NON_LITERAL_NULL_CONVERSION = YES;
				CLANG_WARN_OBJC_IMPLICIT_RETAIN_SELF = YES;
				CLANG_WARN_OBJC_LITERAL_CONVERSION = YES;
				CLANG_WARN_OBJC_ROOT_CLASS = YES_ERROR;
				CLANG_WARN_RANGE_LOOP_ANALYSIS = YES;
				CLANG_WARN_STRICT_PROTOTYPES = YES;
				CLANG_WARN_SUSPICIOUS_MOVE = YES;
				CLANG_WARN_UNGUARDED_AVAILABILITY = YES_AGGRESSIVE;
				CLANG_WARN_UNREACHABLE_CODE = YES;
				CLANG_WARN__DUPLICATE_METHOD_MATCH = YES;
				COPY_PHASE_STRIP = NO;
				DEBUG_INFORMATION_FORMAT = "dwarf-with-dsym";
				ENABLE_NS_ASSERTIONS = NO;
				ENABLE_STRICT_OBJC_MSGSEND = YES;
				GCC_C_LANGUAGE_STANDARD = gnu11;
				GCC_NO_COMMON_BLOCKS = YES;
				GCC_WARN_64_TO_32_BIT_CONVERSION = YES;
				GCC_WARN_ABOUT_RETURN_TYPE = YES_ERROR;
				GCC_WARN_UNDECLARED_SELECTOR = YES;
				GCC_WARN_UNINITIALIZED_AUTOS = YES_AGGRESSIVE;
				GCC_WARN_UNUSED_FUNCTION = YES;
				GCC_WARN_UNUSED_VARIABLE = YES;
				IPHONEOS_DEPLOYMENT_TARGET = 13.7;
				MTL_ENABLE_DEBUG_INFO = NO;
				MTL_FAST_MATH = YES;
				SDKROOT = iphoneos;
				SWIFT_COMPILATION_MODE = wholemodule;
				SWIFT_OPTIMIZATION_LEVEL = "-O";
				VALIDATE_PRODUCT = YES;
			};
			name = Release;
		};
		A1692C91254636F7005BDE65 /* Debug */ = {
			isa = XCBuildConfiguration;
			buildSettings = {
				ASSETCATALOG_COMPILER_APPICON_NAME = AppIcon;
				CODE_SIGN_STYLE = Automatic;
				DEVELOPMENT_ASSET_PATHS = "\"Drawing/Preview Content\"";
				ENABLE_PREVIEWS = YES;
				INFOPLIST_FILE = Drawing/Info.plist;
				LD_RUNPATH_SEARCH_PATHS = (
					"$(inherited)",
					"@executable_path/Frameworks",
				);
				PRODUCT_BUNDLE_IDENTIFIER = com.denpazakura.Drawing;
				PRODUCT_NAME = "$(TARGET_NAME)";
				SWIFT_VERSION = 5.0;
				TARGETED_DEVICE_FAMILY = "1,2";
			};
			name = Debug;
		};
		A1692C92254636F7005BDE65 /* Release */ = {
			isa = XCBuildConfiguration;
			buildSettings = {
				ASSETCATALOG_COMPILER_APPICON_NAME = AppIcon;
				CODE_SIGN_STYLE = Automatic;
				DEVELOPMENT_ASSET_PATHS = "\"Drawing/Preview Content\"";
				ENABLE_PREVIEWS = YES;
				INFOPLIST_FILE = Drawing/Info.plist;
				LD_RUNPATH_SEARCH_PATHS = (
					"$(inherited)",
					"@executable_path/Frameworks",
				);
				PRODUCT_BUNDLE_IDENTIFIER = com.denpazakura.Drawing;
				PRODUCT_NAME = "$(TARGET_NAME)";
				SWIFT_VERSION = 5.0;
				TARGETED_DEVICE_FAMILY = "1,2";
			};
			name = Release;
		};
/* End XCBuildConfiguration section */

/* Begin XCConfigurationList section */
		A1692C77254636F4005BDE65 /* Build configuration list for PBXProject "Drawing" */ = {
			isa = XCConfigurationList;
			buildConfigurations = (
				A1692C8E254636F7005BDE65 /* Debug */,
				A1692C8F254636F7005BDE65 /* Release */,
			);
			defaultConfigurationIsVisible = 0;
			defaultConfigurationName = Release;
		};
		A1692C90254636F7005BDE65 /* Build configuration list for PBXNativeTarget "Drawing" */ = {
			isa = XCConfigurationList;
			buildConfigurations = (
				A1692C91254636F7005BDE65 /* Debug */,
				A1692C92254636F7005BDE65 /* Release */,
			);
			defaultConfigurationIsVisible = 0;
			defaultConfigurationName = Release;
		};
/* End XCConfigurationList section */
	};
	rootObject = A1692C74254636F4005BDE65 /* Project object */;
}
