// !$*UTF8*$!
{
	archiveVersion = 1;
	classes = {
	};
	objectVersion = 50;
	objects = {

/* Begin PBXBuildFile section */
		A1E5427525515DAB00804546 /* BookwormApp.swift in Sources */ = {isa = PBXBuildFile; fileRef = A1E5427425515DAB00804546 /* BookwormApp.swift */; };
		A1E5427725515DAB00804546 /* ContentView.swift in Sources */ = {isa = PBXBuildFile; fileRef = A1E5427625515DAB00804546 /* ContentView.swift */; };
		A1E5427925515DAE00804546 /* Assets.xcassets in Resources */ = {isa = PBXBuildFile; fileRef = A1E5427825515DAE00804546 /* Assets.xcassets */; };
		A1E5427C25515DAE00804546 /* Preview Assets.xcassets in Resources */ = {isa = PBXBuildFile; fileRef = A1E5427B25515DAE00804546 /* Preview Assets.xcassets */; };
		A1E5427E25515DAE00804546 /* Persistence.swift in Sources */ = {isa = PBXBuildFile; fileRef = A1E5427D25515DAE00804546 /* Persistence.swift */; };
		A1E5428125515DAE00804546 /* Bookworm.xcdatamodeld in Sources */ = {isa = PBXBuildFile; fileRef = A1E5427F25515DAE00804546 /* Bookworm.xcdatamodeld */; };
		A1E5428C25515DAE00804546 /* BookwormTests.swift in Sources */ = {isa = PBXBuildFile; fileRef = A1E5428B25515DAE00804546 /* BookwormTests.swift */; };
		A1E5429725515DAE00804546 /* BookwormUITests.swift in Sources */ = {isa = PBXBuildFile; fileRef = A1E5429625515DAE00804546 /* BookwormUITests.swift */; };
		A1E542BF2554AB8600804546 /* AddBookView.swift in Sources */ = {isa = PBXBuildFile; fileRef = A1E542BE2554AB8600804546 /* AddBookView.swift */; };
		A1E542C42554B0E500804546 /* RatingView.swift in Sources */ = {isa = PBXBuildFile; fileRef = A1E542C32554B0E500804546 /* RatingView.swift */; };
		A1E542CC2554B1B900804546 /* EmojiRatingView.swift in Sources */ = {isa = PBXBuildFile; fileRef = A1E542CB2554B1B900804546 /* EmojiRatingView.swift */; };
		A1FD77752556EE090062C445 /* DetailView.swift in Sources */ = {isa = PBXBuildFile; fileRef = A1FD77742556EE090062C445 /* DetailView.swift */; };
/* End PBXBuildFile section */

/* Begin PBXContainerItemProxy section */
		A1E5428825515DAE00804546 /* PBXContainerItemProxy */ = {
			isa = PBXContainerItemProxy;
			containerPortal = A1E5426925515DAB00804546 /* Project object */;
			proxyType = 1;
			remoteGlobalIDString = A1E5427025515DAB00804546;
			remoteInfo = Bookworm;
		};
		A1E5429325515DAE00804546 /* PBXContainerItemProxy */ = {
			isa = PBXContainerItemProxy;
			containerPortal = A1E5426925515DAB00804546 /* Project object */;
			proxyType = 1;
			remoteGlobalIDString = A1E5427025515DAB00804546;
			remoteInfo = Bookworm;
		};
/* End PBXContainerItemProxy section */

/* Begin PBXFileReference section */
		A1E5427125515DAB00804546 /* Bookworm.app */ = {isa = PBXFileReference; explicitFileType = wrapper.application; includeInIndex = 0; path = Bookworm.app; sourceTree = BUILT_PRODUCTS_DIR; };
		A1E5427425515DAB00804546 /* BookwormApp.swift */ = {isa = PBXFileReference; lastKnownFileType = sourcecode.swift; path = BookwormApp.swift; sourceTree = "<group>"; };
		A1E5427625515DAB00804546 /* ContentView.swift */ = {isa = PBXFileReference; lastKnownFileType = sourcecode.swift; path = ContentView.swift; sourceTree = "<group>"; };
		A1E5427825515DAE00804546 /* Assets.xcassets */ = {isa = PBXFileReference; lastKnownFileType = folder.assetcatalog; path = Assets.xcassets; sourceTree = "<group>"; };
		A1E5427B25515DAE00804546 /* Preview Assets.xcassets */ = {isa = PBXFileReference; lastKnownFileType = folder.assetcatalog; path = "Preview Assets.xcassets"; sourceTree = "<group>"; };
		A1E5427D25515DAE00804546 /* Persistence.swift */ = {isa = PBXFileReference; lastKnownFileType = sourcecode.swift; path = Persistence.swift; sourceTree = "<group>"; };
		A1E5428025515DAE00804546 /* Bookworm.xcdatamodel */ = {isa = PBXFileReference; lastKnownFileType = wrapper.xcdatamodel; path = Bookworm.xcdatamodel; sourceTree = "<group>"; };
		A1E5428225515DAE00804546 /* Info.plist */ = {isa = PBXFileReference; lastKnownFileType = text.plist.xml; path = Info.plist; sourceTree = "<group>"; };
		A1E5428725515DAE00804546 /* BookwormTests.xctest */ = {isa = PBXFileReference; explicitFileType = wrapper.cfbundle; includeInIndex = 0; path = BookwormTests.xctest; sourceTree = BUILT_PRODUCTS_DIR; };
		A1E5428B25515DAE00804546 /* BookwormTests.swift */ = {isa = PBXFileReference; lastKnownFileType = sourcecode.swift; path = BookwormTests.swift; sourceTree = "<group>"; };
		A1E5428D25515DAE00804546 /* Info.plist */ = {isa = PBXFileReference; lastKnownFileType = text.plist.xml; path = Info.plist; sourceTree = "<group>"; };
		A1E5429225515DAE00804546 /* BookwormUITests.xctest */ = {isa = PBXFileReference; explicitFileType = wrapper.cfbundle; includeInIndex = 0; path = BookwormUITests.xctest; sourceTree = BUILT_PRODUCTS_DIR; };
		A1E5429625515DAE00804546 /* BookwormUITests.swift */ = {isa = PBXFileReference; lastKnownFileType = sourcecode.swift; path = BookwormUITests.swift; sourceTree = "<group>"; };
		A1E5429825515DAE00804546 /* Info.plist */ = {isa = PBXFileReference; lastKnownFileType = text.plist.xml; path = Info.plist; sourceTree = "<group>"; };
		A1E542BE2554AB8600804546 /* AddBookView.swift */ = {isa = PBXFileReference; lastKnownFileType = sourcecode.swift; path = AddBookView.swift; sourceTree = "<group>"; };
		A1E542C32554B0E500804546 /* RatingView.swift */ = {isa = PBXFileReference; lastKnownFileType = sourcecode.swift; path = RatingView.swift; sourceTree = "<group>"; };
		A1E542CB2554B1B900804546 /* EmojiRatingView.swift */ = {isa = PBXFileReference; lastKnownFileType = sourcecode.swift; path = EmojiRatingView.swift; sourceTree = "<group>"; };
		A1FD77742556EE090062C445 /* DetailView.swift */ = {isa = PBXFileReference; lastKnownFileType = sourcecode.swift; path = DetailView.swift; sourceTree = "<group>"; };
/* End PBXFileReference section */

/* Begin PBXFrameworksBuildPhase section */
		A1E5426E25515DAB00804546 /* Frameworks */ = {
			isa = PBXFrameworksBuildPhase;
			buildActionMask = 2147483647;
			files = (
			);
			runOnlyForDeploymentPostprocessing = 0;
		};
		A1E5428425515DAE00804546 /* Frameworks */ = {
			isa = PBXFrameworksBuildPhase;
			buildActionMask = 2147483647;
			files = (
			);
			runOnlyForDeploymentPostprocessing = 0;
		};
		A1E5428F25515DAE00804546 /* Frameworks */ = {
			isa = PBXFrameworksBuildPhase;
			buildActionMask = 2147483647;
			files = (
			);
			runOnlyForDeploymentPostprocessing = 0;
		};
/* End PBXFrameworksBuildPhase section */

/* Begin PBXGroup section */
		A1E5426825515DAB00804546 = {
			isa = PBXGroup;
			children = (
				A1E5427325515DAB00804546 /* Bookworm */,
				A1E5428A25515DAE00804546 /* BookwormTests */,
				A1E5429525515DAE00804546 /* BookwormUITests */,
				A1E5427225515DAB00804546 /* Products */,
			);
			sourceTree = "<group>";
		};
		A1E5427225515DAB00804546 /* Products */ = {
			isa = PBXGroup;
			children = (
				A1E5427125515DAB00804546 /* Bookworm.app */,
				A1E5428725515DAE00804546 /* BookwormTests.xctest */,
				A1E5429225515DAE00804546 /* BookwormUITests.xctest */,
			);
			name = Products;
			sourceTree = "<group>";
		};
		A1E5427325515DAB00804546 /* Bookworm */ = {
			isa = PBXGroup;
			children = (
				A1E5427D25515DAE00804546 /* Persistence.swift */,
				A1E5427425515DAB00804546 /* BookwormApp.swift */,
				A1FD77792556EFAB0062C445 /* Views */,
				A1E5427825515DAE00804546 /* Assets.xcassets */,
				A1E5428225515DAE00804546 /* Info.plist */,
				A1E5427F25515DAE00804546 /* Bookworm.xcdatamodeld */,
				A1E5427A25515DAE00804546 /* Preview Content */,
			);
			path = Bookworm;
			sourceTree = "<group>";
		};
		A1E5427A25515DAE00804546 /* Preview Content */ = {
			isa = PBXGroup;
			children = (
				A1E5427B25515DAE00804546 /* Preview Assets.xcassets */,
			);
			path = "Preview Content";
			sourceTree = "<group>";
		};
		A1E5428A25515DAE00804546 /* BookwormTests */ = {
			isa = PBXGroup;
			children = (
				A1E5428B25515DAE00804546 /* BookwormTests.swift */,
				A1E5428D25515DAE00804546 /* Info.plist */,
			);
			path = BookwormTests;
			sourceTree = "<group>";
		};
		A1E5429525515DAE00804546 /* BookwormUITests */ = {
			isa = PBXGroup;
			children = (
				A1E5429625515DAE00804546 /* BookwormUITests.swift */,
				A1E5429825515DAE00804546 /* Info.plist */,
			);
			path = BookwormUITests;
			sourceTree = "<group>";
		};
		A1FD77792556EFAB0062C445 /* Views */ = {
			isa = PBXGroup;
			children = (
				A1E542BE2554AB8600804546 /* AddBookView.swift */,
				A1FD77742556EE090062C445 /* DetailView.swift */,
				A1E542CB2554B1B900804546 /* EmojiRatingView.swift */,
				A1E5427625515DAB00804546 /* ContentView.swift */,
				A1E542C32554B0E500804546 /* RatingView.swift */,
			);
			path = Views;
			sourceTree = "<group>";
		};
/* End PBXGroup section */

/* Begin PBXNativeTarget section */
		A1E5427025515DAB00804546 /* Bookworm */ = {
			isa = PBXNativeTarget;
			buildConfigurationList = A1E5429B25515DAE00804546 /* Build configuration list for PBXNativeTarget "Bookworm" */;
			buildPhases = (
				A1E5426D25515DAB00804546 /* Sources */,
				A1E5426E25515DAB00804546 /* Frameworks */,
				A1E5426F25515DAB00804546 /* Resources */,
			);
			buildRules = (
			);
			dependencies = (
			);
			name = Bookworm;
			productName = Bookworm;
			productReference = A1E5427125515DAB00804546 /* Bookworm.app */;
			productType = "com.apple.product-type.application";
		};
		A1E5428625515DAE00804546 /* BookwormTests */ = {
			isa = PBXNativeTarget;
			buildConfigurationList = A1E5429E25515DAE00804546 /* Build configuration list for PBXNativeTarget "BookwormTests" */;
			buildPhases = (
				A1E5428325515DAE00804546 /* Sources */,
				A1E5428425515DAE00804546 /* Frameworks */,
				A1E5428525515DAE00804546 /* Resources */,
			);
			buildRules = (
			);
			dependencies = (
				A1E5428925515DAE00804546 /* PBXTargetDependency */,
			);
			name = BookwormTests;
			productName = BookwormTests;
			productReference = A1E5428725515DAE00804546 /* BookwormTests.xctest */;
			productType = "com.apple.product-type.bundle.unit-test";
		};
		A1E5429125515DAE00804546 /* BookwormUITests */ = {
			isa = PBXNativeTarget;
			buildConfigurationList = A1E542A125515DAE00804546 /* Build configuration list for PBXNativeTarget "BookwormUITests" */;
			buildPhases = (
				A1E5428E25515DAE00804546 /* Sources */,
				A1E5428F25515DAE00804546 /* Frameworks */,
				A1E5429025515DAE00804546 /* Resources */,
			);
			buildRules = (
			);
			dependencies = (
				A1E5429425515DAE00804546 /* PBXTargetDependency */,
			);
			name = BookwormUITests;
			productName = BookwormUITests;
			productReference = A1E5429225515DAE00804546 /* BookwormUITests.xctest */;
			productType = "com.apple.product-type.bundle.ui-testing";
		};
/* End PBXNativeTarget section */

/* Begin PBXProject section */
		A1E5426925515DAB00804546 /* Project object */ = {
			isa = PBXProject;
			attributes = {
				LastSwiftUpdateCheck = 1200;
				LastUpgradeCheck = 1200;
				TargetAttributes = {
					A1E5427025515DAB00804546 = {
						CreatedOnToolsVersion = 12.0;
					};
					A1E5428625515DAE00804546 = {
						CreatedOnToolsVersion = 12.0;
						TestTargetID = A1E5427025515DAB00804546;
					};
					A1E5429125515DAE00804546 = {
						CreatedOnToolsVersion = 12.0;
						TestTargetID = A1E5427025515DAB00804546;
					};
				};
			};
			buildConfigurationList = A1E5426C25515DAB00804546 /* Build configuration list for PBXProject "Bookworm" */;
			compatibilityVersion = "Xcode 9.3";
			developmentRegion = en;
			hasScannedForEncodings = 0;
			knownRegions = (
				en,
				Base,
			);
			mainGroup = A1E5426825515DAB00804546;
			productRefGroup = A1E5427225515DAB00804546 /* Products */;
			projectDirPath = "";
			projectRoot = "";
			targets = (
				A1E5427025515DAB00804546 /* Bookworm */,
				A1E5428625515DAE00804546 /* BookwormTests */,
				A1E5429125515DAE00804546 /* BookwormUITests */,
			);
		};
/* End PBXProject section */

/* Begin PBXResourcesBuildPhase section */
		A1E5426F25515DAB00804546 /* Resources */ = {
			isa = PBXResourcesBuildPhase;
			buildActionMask = 2147483647;
			files = (
				A1E5427C25515DAE00804546 /* Preview Assets.xcassets in Resources */,
				A1E5427925515DAE00804546 /* Assets.xcassets in Resources */,
			);
			runOnlyForDeploymentPostprocessing = 0;
		};
		A1E5428525515DAE00804546 /* Resources */ = {
			isa = PBXResourcesBuildPhase;
			buildActionMask = 2147483647;
			files = (
			);
			runOnlyForDeploymentPostprocessing = 0;
		};
		A1E5429025515DAE00804546 /* Resources */ = {
			isa = PBXResourcesBuildPhase;
			buildActionMask = 2147483647;
			files = (
			);
			runOnlyForDeploymentPostprocessing = 0;
		};
/* End PBXResourcesBuildPhase section */

/* Begin PBXSourcesBuildPhase section */
		A1E5426D25515DAB00804546 /* Sources */ = {
			isa = PBXSourcesBuildPhase;
			buildActionMask = 2147483647;
			files = (
				A1E5427E25515DAE00804546 /* Persistence.swift in Sources */,
				A1FD77752556EE090062C445 /* DetailView.swift in Sources */,
				A1E5428125515DAE00804546 /* Bookworm.xcdatamodeld in Sources */,
				A1E542CC2554B1B900804546 /* EmojiRatingView.swift in Sources */,
				A1E5427725515DAB00804546 /* ContentView.swift in Sources */,
				A1E542C42554B0E500804546 /* RatingView.swift in Sources */,
				A1E5427525515DAB00804546 /* BookwormApp.swift in Sources */,
				A1E542BF2554AB8600804546 /* AddBookView.swift in Sources */,
			);
			runOnlyForDeploymentPostprocessing = 0;
		};
		A1E5428325515DAE00804546 /* Sources */ = {
			isa = PBXSourcesBuildPhase;
			buildActionMask = 2147483647;
			files = (
				A1E5428C25515DAE00804546 /* BookwormTests.swift in Sources */,
			);
			runOnlyForDeploymentPostprocessing = 0;
		};
		A1E5428E25515DAE00804546 /* Sources */ = {
			isa = PBXSourcesBuildPhase;
			buildActionMask = 2147483647;
			files = (
				A1E5429725515DAE00804546 /* BookwormUITests.swift in Sources */,
			);
			runOnlyForDeploymentPostprocessing = 0;
		};
/* End PBXSourcesBuildPhase section */

/* Begin PBXTargetDependency section */
		A1E5428925515DAE00804546 /* PBXTargetDependency */ = {
			isa = PBXTargetDependency;
			target = A1E5427025515DAB00804546 /* Bookworm */;
			targetProxy = A1E5428825515DAE00804546 /* PBXContainerItemProxy */;
		};
		A1E5429425515DAE00804546 /* PBXTargetDependency */ = {
			isa = PBXTargetDependency;
			target = A1E5427025515DAB00804546 /* Bookworm */;
			targetProxy = A1E5429325515DAE00804546 /* PBXContainerItemProxy */;
		};
/* End PBXTargetDependency section */

/* Begin XCBuildConfiguration section */
		A1E5429925515DAE00804546 /* Debug */ = {
			isa = XCBuildConfiguration;
			buildSettings = {
				ALWAYS_SEARCH_USER_PATHS = NO;
				CLANG_ANALYZER_NONNULL = YES;
				CLANG_ANALYZER_NUMBER_OBJECT_CONVERSION = YES_AGGRESSIVE;
				CLANG_CXX_LANGUAGE_STANDARD = "gnu++14";
				CLANG_CXX_LIBRARY = "libc++";
				CLANG_ENABLE_MODULES = YES;
				CLANG_ENABLE_OBJC_ARC = YES;
				CLANG_ENABLE_OBJC_WEAK = YES;
				CLANG_WARN_BLOCK_CAPTURE_AUTORELEASING = YES;
				CLANG_WARN_BOOL_CONVERSION = YES;
				CLANG_WARN_COMMA = YES;
				CLANG_WARN_CONSTANT_CONVERSION = YES;
				CLANG_WARN_DEPRECATED_OBJC_IMPLEMENTATIONS = YES;
				CLANG_WARN_DIRECT_OBJC_ISA_USAGE = YES_ERROR;
				CLANG_WARN_DOCUMENTATION_COMMENTS = YES;
				CLANG_WARN_EMPTY_BODY = YES;
				CLANG_WARN_ENUM_CONVERSION = YES;
				CLANG_WARN_INFINITE_RECURSION = YES;
				CLANG_WARN_INT_CONVERSION = YES;
				CLANG_WARN_NON_LITERAL_NULL_CONVERSION = YES;
				CLANG_WARN_OBJC_IMPLICIT_RETAIN_SELF = YES;
				CLANG_WARN_OBJC_LITERAL_CONVERSION = YES;
				CLANG_WARN_OBJC_ROOT_CLASS = YES_ERROR;
				CLANG_WARN_QUOTED_INCLUDE_IN_FRAMEWORK_HEADER = YES;
				CLANG_WARN_RANGE_LOOP_ANALYSIS = YES;
				CLANG_WARN_STRICT_PROTOTYPES = YES;
				CLANG_WARN_SUSPICIOUS_MOVE = YES;
				CLANG_WARN_UNGUARDED_AVAILABILITY = YES_AGGRESSIVE;
				CLANG_WARN_UNREACHABLE_CODE = YES;
				CLANG_WARN__DUPLICATE_METHOD_MATCH = YES;
				COPY_PHASE_STRIP = NO;
				DEBUG_INFORMATION_FORMAT = dwarf;
				ENABLE_STRICT_OBJC_MSGSEND = YES;
				ENABLE_TESTABILITY = YES;
				GCC_C_LANGUAGE_STANDARD = gnu11;
				GCC_DYNAMIC_NO_PIC = NO;
				GCC_NO_COMMON_BLOCKS = YES;
				GCC_OPTIMIZATION_LEVEL = 0;
				GCC_PREPROCESSOR_DEFINITIONS = (
					"DEBUG=1",
					"$(inherited)",
				);
				GCC_WARN_64_TO_32_BIT_CONVERSION = YES;
				GCC_WARN_ABOUT_RETURN_TYPE = YES_ERROR;
				GCC_WARN_UNDECLARED_SELECTOR = YES;
				GCC_WARN_UNINITIALIZED_AUTOS = YES_AGGRESSIVE;
				GCC_WARN_UNUSED_FUNCTION = YES;
				GCC_WARN_UNUSED_VARIABLE = YES;
				IPHONEOS_DEPLOYMENT_TARGET = 14.0;
				MTL_ENABLE_DEBUG_INFO = INCLUDE_SOURCE;
				MTL_FAST_MATH = YES;
				ONLY_ACTIVE_ARCH = YES;
				SDKROOT = iphoneos;
				SWIFT_ACTIVE_COMPILATION_CONDITIONS = DEBUG;
				SWIFT_OPTIMIZATION_LEVEL = "-Onone";
			};
			name = Debug;
		};
		A1E5429A25515DAE00804546 /* Release */ = {
			isa = XCBuildConfiguration;
			buildSettings = {
				ALWAYS_SEARCH_USER_PATHS = NO;
				CLANG_ANALYZER_NONNULL = YES;
				CLANG_ANALYZER_NUMBER_OBJECT_CONVERSION = YES_AGGRESSIVE;
				CLANG_CXX_LANGUAGE_STANDARD = "gnu++14";
				CLANG_CXX_LIBRARY = "libc++";
				CLANG_ENABLE_MODULES = YES;
				CLANG_ENABLE_OBJC_ARC = YES;
				CLANG_ENABLE_OBJC_WEAK = YES;
				CLANG_WARN_BLOCK_CAPTURE_AUTORELEASING = YES;
				CLANG_WARN_BOOL_CONVERSION = YES;
				CLANG_WARN_COMMA = YES;
				CLANG_WARN_CONSTANT_CONVERSION = YES;
				CLANG_WARN_DEPRECATED_OBJC_IMPLEMENTATIONS = YES;
				CLANG_WARN_DIRECT_OBJC_ISA_USAGE = YES_ERROR;
				CLANG_WARN_DOCUMENTATION_COMMENTS = YES;
				CLANG_WARN_EMPTY_BODY = YES;
				CLANG_WARN_ENUM_CONVERSION = YES;
				CLANG_WARN_INFINITE_RECURSION = YES;
				CLANG_WARN_INT_CONVERSION = YES;
				CLANG_WARN_NON_LITERAL_NULL_CONVERSION = YES;
				CLANG_WARN_OBJC_IMPLICIT_RETAIN_SELF = YES;
				CLANG_WARN_OBJC_LITERAL_CONVERSION = YES;
				CLANG_WARN_OBJC_ROOT_CLASS = YES_ERROR;
				CLANG_WARN_QUOTED_INCLUDE_IN_FRAMEWORK_HEADER = YES;
				CLANG_WARN_RANGE_LOOP_ANALYSIS = YES;
				CLANG_WARN_STRICT_PROTOTYPES = YES;
				CLANG_WARN_SUSPICIOUS_MOVE = YES;
				CLANG_WARN_UNGUARDED_AVAILABILITY = YES_AGGRESSIVE;
				CLANG_WARN_UNREACHABLE_CODE = YES;
				CLANG_WARN__DUPLICATE_METHOD_MATCH = YES;
				COPY_PHASE_STRIP = NO;
				DEBUG_INFORMATION_FORMAT = "dwarf-with-dsym";
				ENABLE_NS_ASSERTIONS = NO;
				ENABLE_STRICT_OBJC_MSGSEND = YES;
				GCC_C_LANGUAGE_STANDARD = gnu11;
				GCC_NO_COMMON_BLOCKS = YES;
				GCC_WARN_64_TO_32_BIT_CONVERSION = YES;
				GCC_WARN_ABOUT_RETURN_TYPE = YES_ERROR;
				GCC_WARN_UNDECLARED_SELECTOR = YES;
				GCC_WARN_UNINITIALIZED_AUTOS = YES_AGGRESSIVE;
				GCC_WARN_UNUSED_FUNCTION = YES;
				GCC_WARN_UNUSED_VARIABLE = YES;
				IPHONEOS_DEPLOYMENT_TARGET = 14.0;
				MTL_ENABLE_DEBUG_INFO = NO;
				MTL_FAST_MATH = YES;
				SDKROOT = iphoneos;
				SWIFT_COMPILATION_MODE = wholemodule;
				SWIFT_OPTIMIZATION_LEVEL = "-O";
				VALIDATE_PRODUCT = YES;
			};
			name = Release;
		};
		A1E5429C25515DAE00804546 /* Debug */ = {
			isa = XCBuildConfiguration;
			buildSettings = {
				ASSETCATALOG_COMPILER_APPICON_NAME = AppIcon;
				ASSETCATALOG_COMPILER_GLOBAL_ACCENT_COLOR_NAME = AccentColor;
				CODE_SIGN_STYLE = Automatic;
				DEVELOPMENT_ASSET_PATHS = "\"Bookworm/Preview Content\"";
				ENABLE_PREVIEWS = YES;
				INFOPLIST_FILE = Bookworm/Info.plist;
				IPHONEOS_DEPLOYMENT_TARGET = 14.0;
				LD_RUNPATH_SEARCH_PATHS = (
					"$(inherited)",
					"@executable_path/Frameworks",
				);
				PRODUCT_BUNDLE_IDENTIFIER = com.denpazakura.Bookworm;
				PRODUCT_NAME = "$(TARGET_NAME)";
				SWIFT_VERSION = 5.0;
				TARGETED_DEVICE_FAMILY = "1,2";
			};
			name = Debug;
		};
		A1E5429D25515DAE00804546 /* Release */ = {
			isa = XCBuildConfiguration;
			buildSettings = {
				ASSETCATALOG_COMPILER_APPICON_NAME = AppIcon;
				ASSETCATALOG_COMPILER_GLOBAL_ACCENT_COLOR_NAME = AccentColor;
				CODE_SIGN_STYLE = Automatic;
				DEVELOPMENT_ASSET_PATHS = "\"Bookworm/Preview Content\"";
				ENABLE_PREVIEWS = YES;
				INFOPLIST_FILE = Bookworm/Info.plist;
				IPHONEOS_DEPLOYMENT_TARGET = 14.0;
				LD_RUNPATH_SEARCH_PATHS = (
					"$(inherited)",
					"@executable_path/Frameworks",
				);
				PRODUCT_BUNDLE_IDENTIFIER = com.denpazakura.Bookworm;
				PRODUCT_NAME = "$(TARGET_NAME)";
				SWIFT_VERSION = 5.0;
				TARGETED_DEVICE_FAMILY = "1,2";
			};
			name = Release;
		};
		A1E5429F25515DAE00804546 /* Debug */ = {
			isa = XCBuildConfiguration;
			buildSettings = {
				ALWAYS_EMBED_SWIFT_STANDARD_LIBRARIES = YES;
				BUNDLE_LOADER = "$(TEST_HOST)";
				CODE_SIGN_STYLE = Automatic;
				INFOPLIST_FILE = BookwormTests/Info.plist;
				IPHONEOS_DEPLOYMENT_TARGET = 14.0;
				LD_RUNPATH_SEARCH_PATHS = (
					"$(inherited)",
					"@executable_path/Frameworks",
					"@loader_path/Frameworks",
				);
				PRODUCT_BUNDLE_IDENTIFIER = com.denpazakura.BookwormTests;
				PRODUCT_NAME = "$(TARGET_NAME)";
				SWIFT_VERSION = 5.0;
				TARGETED_DEVICE_FAMILY = "1,2";
				TEST_HOST = "$(BUILT_PRODUCTS_DIR)/Bookworm.app/Bookworm";
			};
			name = Debug;
		};
		A1E542A025515DAE00804546 /* Release */ = {
			isa = XCBuildConfiguration;
			buildSettings = {
				ALWAYS_EMBED_SWIFT_STANDARD_LIBRARIES = YES;
				BUNDLE_LOADER = "$(TEST_HOST)";
				CODE_SIGN_STYLE = Automatic;
				INFOPLIST_FILE = BookwormTests/Info.plist;
				IPHONEOS_DEPLOYMENT_TARGET = 14.0;
				LD_RUNPATH_SEARCH_PATHS = (
					"$(inherited)",
					"@executable_path/Frameworks",
					"@loader_path/Frameworks",
				);
				PRODUCT_BUNDLE_IDENTIFIER = com.denpazakura.BookwormTests;
				PRODUCT_NAME = "$(TARGET_NAME)";
				SWIFT_VERSION = 5.0;
				TARGETED_DEVICE_FAMILY = "1,2";
				TEST_HOST = "$(BUILT_PRODUCTS_DIR)/Bookworm.app/Bookworm";
			};
			name = Release;
		};
		A1E542A225515DAE00804546 /* Debug */ = {
			isa = XCBuildConfiguration;
			buildSettings = {
				ALWAYS_EMBED_SWIFT_STANDARD_LIBRARIES = YES;
				CODE_SIGN_STYLE = Automatic;
				INFOPLIST_FILE = BookwormUITests/Info.plist;
				LD_RUNPATH_SEARCH_PATHS = (
					"$(inherited)",
					"@executable_path/Frameworks",
					"@loader_path/Frameworks",
				);
				PRODUCT_BUNDLE_IDENTIFIER = com.denpazakura.BookwormUITests;
				PRODUCT_NAME = "$(TARGET_NAME)";
				SWIFT_VERSION = 5.0;
				TARGETED_DEVICE_FAMILY = "1,2";
				TEST_TARGET_NAME = Bookworm;
			};
			name = Debug;
		};
		A1E542A325515DAE00804546 /* Release */ = {
			isa = XCBuildConfiguration;
			buildSettings = {
				ALWAYS_EMBED_SWIFT_STANDARD_LIBRARIES = YES;
				CODE_SIGN_STYLE = Automatic;
				INFOPLIST_FILE = BookwormUITests/Info.plist;
				LD_RUNPATH_SEARCH_PATHS = (
					"$(inherited)",
					"@executable_path/Frameworks",
					"@loader_path/Frameworks",
				);
				PRODUCT_BUNDLE_IDENTIFIER = com.denpazakura.BookwormUITests;
				PRODUCT_NAME = "$(TARGET_NAME)";
				SWIFT_VERSION = 5.0;
				TARGETED_DEVICE_FAMILY = "1,2";
				TEST_TARGET_NAME = Bookworm;
			};
			name = Release;
		};
/* End XCBuildConfiguration section */

/* Begin XCConfigurationList section */
		A1E5426C25515DAB00804546 /* Build configuration list for PBXProject "Bookworm" */ = {
			isa = XCConfigurationList;
			buildConfigurations = (
				A1E5429925515DAE00804546 /* Debug */,
				A1E5429A25515DAE00804546 /* Release */,
			);
			defaultConfigurationIsVisible = 0;
			defaultConfigurationName = Release;
		};
		A1E5429B25515DAE00804546 /* Build configuration list for PBXNativeTarget "Bookworm" */ = {
			isa = XCConfigurationList;
			buildConfigurations = (
				A1E5429C25515DAE00804546 /* Debug */,
				A1E5429D25515DAE00804546 /* Release */,
			);
			defaultConfigurationIsVisible = 0;
			defaultConfigurationName = Release;
		};
		A1E5429E25515DAE00804546 /* Build configuration list for PBXNativeTarget "BookwormTests" */ = {
			isa = XCConfigurationList;
			buildConfigurations = (
				A1E5429F25515DAE00804546 /* Debug */,
				A1E542A025515DAE00804546 /* Release */,
			);
			defaultConfigurationIsVisible = 0;
			defaultConfigurationName = Release;
		};
		A1E542A125515DAE00804546 /* Build configuration list for PBXNativeTarget "BookwormUITests" */ = {
			isa = XCConfigurationList;
			buildConfigurations = (
				A1E542A225515DAE00804546 /* Debug */,
				A1E542A325515DAE00804546 /* Release */,
			);
			defaultConfigurationIsVisible = 0;
			defaultConfigurationName = Release;
		};
/* End XCConfigurationList section */

/* Begin XCVersionGroup section */
		A1E5427F25515DAE00804546 /* Bookworm.xcdatamodeld */ = {
			isa = XCVersionGroup;
			children = (
				A1E5428025515DAE00804546 /* Bookworm.xcdatamodel */,
			);
			currentVersion = A1E5428025515DAE00804546 /* Bookworm.xcdatamodel */;
			path = Bookworm.xcdatamodeld;
			sourceTree = "<group>";
			versionGroupType = wrapper.xcdatamodel;
		};
/* End XCVersionGroup section */
	};
	rootObject = A1E5426925515DAB00804546 /* Project object */;
}
